Microsoft Visual Studio Solution File, Format Version 12.00
# Visual Studio 14
VisualStudioVersion = 14.0.25420.1
MinimumVisualStudioVersion = 10.0.40219.1
Project("{FAE04EC0-301F-11D3-BF4B-00C04F79EFBC}") = "MDemo", "MDemo\MDemo.csproj", "{84D31F14-D7A8-4C89-A9BB-22BC778929A2}"
EndProject
Project("{FAE04EC0-301F-11D3-BF4B-00C04F79EFBC}") = "MLib", "Components\MLib\MLib.csproj", "{87A9302D-C6A7-4507-82D5-D83A40E899E2}"
EndProject
Project("{2150E333-8FDC-42A3-9474-1A3956D46DE8}") = "Components", "Components", "{EBFA2E1E-92FF-4DF9-9212-398D1FEF617B}"
EndProject
Project("{2150E333-8FDC-42A3-9474-1A3956D46DE8}") = "Settings", "Settings", "{7E4E3AC1-4FD8-407A-92A5-72ED68474C26}"
EndProject
Project("{FAE04EC0-301F-11D3-BF4B-00C04F79EFBC}") = "Settings", "Components\Settings\Settings\Settings.csproj", "{2807B493-CC2E-402E-901A-EB138698FEDC}"
EndProject
Project("{FAE04EC0-301F-11D3-BF4B-00C04F79EFBC}") = "SettingsModel", "Components\Settings\SettingsModel\SettingsModel.csproj", "{9B0BA841-5A2F-4ED3-A908-253DBCA70E77}"
EndProject
Project("{FAE04EC0-301F-11D3-BF4B-00C04F79EFBC}") = "ServiceLocator", "Components\ServiceLocator\ServiceLocator.csproj", "{252126D1-E1D9-49C3-910B-FCF2266265EF}"
EndProject
Project("{FAE04EC0-301F-11D3-BF4B-00C04F79EFBC}") = "MWindowLib", "Components\MWindowLib\MWindowLib.csproj", "{BE4C8126-E5C8-405E-958F-4DE9F686089B}"
EndProject
Project("{FAE04EC0-301F-11D3-BF4B-00C04F79EFBC}") = "MWindowInterfacesLib", "Components\MWindowInterfacesLib\MWindowInterfacesLib.csproj", "{37633896-6066-49C5-B76A-0E5D5D6D1D23}"
EndProject
Project("{FAE04EC0-301F-11D3-BF4B-00C04F79EFBC}") = "MWindowDialogLib", "Components\MWindowDialogLib\MWindowDialogLib.csproj", "{EF9C4AB3-61D7-4C10-A2E6-5C205764F0EC}"
EndProject
Global
	GlobalSection(SolutionConfigurationPlatforms) = preSolution
		Debug|Any CPU = Debug|Any CPU
		Debug|x64 = Debug|x64
		Debug|x86 = Debug|x86
		Release|Any CPU = Release|Any CPU
		Release|x64 = Release|x64
		Release|x86 = Release|x86
	EndGlobalSection
	GlobalSection(ProjectConfigurationPlatforms) = postSolution
		{84D31F14-D7A8-4C89-A9BB-22BC778929A2}.Debug|Any CPU.ActiveCfg = Debug|Any CPU
		{84D31F14-D7A8-4C89-A9BB-22BC778929A2}.Debug|Any CPU.Build.0 = Debug|Any CPU
		{84D31F14-D7A8-4C89-A9BB-22BC778929A2}.Debug|x64.ActiveCfg = Debug|Any CPU
		{84D31F14-D7A8-4C89-A9BB-22BC778929A2}.Debug|x64.Build.0 = Debug|Any CPU
		{84D31F14-D7A8-4C89-A9BB-22BC778929A2}.Debug|x86.ActiveCfg = Debug|Any CPU
		{84D31F14-D7A8-4C89-A9BB-22BC778929A2}.Debug|x86.Build.0 = Debug|Any CPU
		{84D31F14-D7A8-4C89-A9BB-22BC778929A2}.Release|Any CPU.ActiveCfg = Release|Any CPU
		{84D31F14-D7A8-4C89-A9BB-22BC778929A2}.Release|Any CPU.Build.0 = Release|Any CPU
		{84D31F14-D7A8-4C89-A9BB-22BC778929A2}.Release|x64.ActiveCfg = Release|Any CPU
		{84D31F14-D7A8-4C89-A9BB-22BC778929A2}.Release|x64.Build.0 = Release|Any CPU
		{84D31F14-D7A8-4C89-A9BB-22BC778929A2}.Release|x86.ActiveCfg = Release|Any CPU
		{84D31F14-D7A8-4C89-A9BB-22BC778929A2}.Release|x86.Build.0 = Release|Any CPU
		{87A9302D-C6A7-4507-82D5-D83A40E899E2}.Debug|Any CPU.ActiveCfg = Debug|Any CPU
		{87A9302D-C6A7-4507-82D5-D83A40E899E2}.Debug|Any CPU.Build.0 = Debug|Any CPU
		{87A9302D-C6A7-4507-82D5-D83A40E899E2}.Debug|x64.ActiveCfg = Debug|Any CPU
		{87A9302D-C6A7-4507-82D5-D83A40E899E2}.Debug|x64.Build.0 = Debug|Any CPU
		{87A9302D-C6A7-4507-82D5-D83A40E899E2}.Debug|x86.ActiveCfg = Debug|Any CPU
		{87A9302D-C6A7-4507-82D5-D83A40E899E2}.Debug|x86.Build.0 = Debug|Any CPU
		{87A9302D-C6A7-4507-82D5-D83A40E899E2}.Release|Any CPU.ActiveCfg = Release|Any CPU
		{87A9302D-C6A7-4507-82D5-D83A40E899E2}.Release|Any CPU.Build.0 = Release|Any CPU
		{87A9302D-C6A7-4507-82D5-D83A40E899E2}.Release|x64.ActiveCfg = Release|Any CPU
		{87A9302D-C6A7-4507-82D5-D83A40E899E2}.Release|x64.Build.0 = Release|Any CPU
		{87A9302D-C6A7-4507-82D5-D83A40E899E2}.Release|x86.ActiveCfg = Release|Any CPU
		{87A9302D-C6A7-4507-82D5-D83A40E899E2}.Release|x86.Build.0 = Release|Any CPU
		{2807B493-CC2E-402E-901A-EB138698FEDC}.Debug|Any CPU.ActiveCfg = Debug|Any CPU
		{2807B493-CC2E-402E-901A-EB138698FEDC}.Debug|Any CPU.Build.0 = Debug|Any CPU
		{2807B493-CC2E-402E-901A-EB138698FEDC}.Debug|x64.ActiveCfg = Debug|Any CPU
		{2807B493-CC2E-402E-901A-EB138698FEDC}.Debug|x64.Build.0 = Debug|Any CPU
		{2807B493-CC2E-402E-901A-EB138698FEDC}.Debug|x86.ActiveCfg = Debug|x86
		{2807B493-CC2E-402E-901A-EB138698FEDC}.Debug|x86.Build.0 = Debug|x86
		{2807B493-CC2E-402E-901A-EB138698FEDC}.Release|Any CPU.ActiveCfg = Release|Any CPU
		{2807B493-CC2E-402E-901A-EB138698FEDC}.Release|Any CPU.Build.0 = Release|Any CPU
		{2807B493-CC2E-402E-901A-EB138698FEDC}.Release|x64.ActiveCfg = Release|Any CPU
		{2807B493-CC2E-402E-901A-EB138698FEDC}.Release|x64.Build.0 = Release|Any CPU
		{2807B493-CC2E-402E-901A-EB138698FEDC}.Release|x86.ActiveCfg = Release|x86
		{2807B493-CC2E-402E-901A-EB138698FEDC}.Release|x86.Build.0 = Release|x86
		{9B0BA841-5A2F-4ED3-A908-253DBCA70E77}.Debug|Any CPU.ActiveCfg = Debug|Any CPU
		{9B0BA841-5A2F-4ED3-A908-253DBCA70E77}.Debug|Any CPU.Build.0 = Debug|Any CPU
		{9B0BA841-5A2F-4ED3-A908-253DBCA70E77}.Debug|x64.ActiveCfg = Debug|Any CPU
		{9B0BA841-5A2F-4ED3-A908-253DBCA70E77}.Debug|x64.Build.0 = Debug|Any CPU
		{9B0BA841-5A2F-4ED3-A908-253DBCA70E77}.Debug|x86.ActiveCfg = Debug|Any CPU
		{9B0BA841-5A2F-4ED3-A908-253DBCA70E77}.Debug|x86.Build.0 = Debug|Any CPU
		{9B0BA841-5A2F-4ED3-A908-253DBCA70E77}.Release|Any CPU.ActiveCfg = Release|Any CPU
		{9B0BA841-5A2F-4ED3-A908-253DBCA70E77}.Release|Any CPU.Build.0 = Release|Any CPU
		{9B0BA841-5A2F-4ED3-A908-253DBCA70E77}.Release|x64.ActiveCfg = Release|Any CPU
		{9B0BA841-5A2F-4ED3-A908-253DBCA70E77}.Release|x64.Build.0 = Release|Any CPU
		{9B0BA841-5A2F-4ED3-A908-253DBCA70E77}.Release|x86.ActiveCfg = Release|Any CPU
		{9B0BA841-5A2F-4ED3-A908-253DBCA70E77}.Release|x86.Build.0 = Release|Any CPU
		{252126D1-E1D9-49C3-910B-FCF2266265EF}.Debug|Any CPU.ActiveCfg = Debug|Any CPU
		{252126D1-E1D9-49C3-910B-FCF2266265EF}.Debug|Any CPU.Build.0 = Debug|Any CPU
		{252126D1-E1D9-49C3-910B-FCF2266265EF}.Debug|x64.ActiveCfg = Debug|Any CPU
		{252126D1-E1D9-49C3-910B-FCF2266265EF}.Debug|x64.Build.0 = Debug|Any CPU
		{252126D1-E1D9-49C3-910B-FCF2266265EF}.Debug|x86.ActiveCfg = Debug|Any CPU
		{252126D1-E1D9-49C3-910B-FCF2266265EF}.Debug|x86.Build.0 = Debug|Any CPU
		{252126D1-E1D9-49C3-910B-FCF2266265EF}.Release|Any CPU.ActiveCfg = Release|Any CPU
		{252126D1-E1D9-49C3-910B-FCF2266265EF}.Release|Any CPU.Build.0 = Release|Any CPU
		{252126D1-E1D9-49C3-910B-FCF2266265EF}.Release|x64.ActiveCfg = Release|Any CPU
		{252126D1-E1D9-49C3-910B-FCF2266265EF}.Release|x64.Build.0 = Release|Any CPU
		{252126D1-E1D9-49C3-910B-FCF2266265EF}.Release|x86.ActiveCfg = Release|Any CPU
		{252126D1-E1D9-49C3-910B-FCF2266265EF}.Release|x86.Build.0 = Release|Any CPU
		{BE4C8126-E5C8-405E-958F-4DE9F686089B}.Debug|Any CPU.ActiveCfg = Debug|Any CPU
		{BE4C8126-E5C8-405E-958F-4DE9F686089B}.Debug|Any CPU.Build.0 = Debug|Any CPU
		{BE4C8126-E5C8-405E-958F-4DE9F686089B}.Debug|x64.ActiveCfg = Debug|Any CPU
		{BE4C8126-E5C8-405E-958F-4DE9F686089B}.Debug|x64.Build.0 = Debug|Any CPU
		{BE4C8126-E5C8-405E-958F-4DE9F686089B}.Debug|x86.ActiveCfg = Debug|Any CPU
		{BE4C8126-E5C8-405E-958F-4DE9F686089B}.Debug|x86.Build.0 = Debug|Any CPU
		{BE4C8126-E5C8-405E-958F-4DE9F686089B}.Release|Any CPU.ActiveCfg = Release|Any CPU
		{BE4C8126-E5C8-405E-958F-4DE9F686089B}.Release|Any CPU.Build.0 = Release|Any CPU
		{BE4C8126-E5C8-405E-958F-4DE9F686089B}.Release|x64.ActiveCfg = Release|Any CPU
		{BE4C8126-E5C8-405E-958F-4DE9F686089B}.Release|x64.Build.0 = Release|Any CPU
		{BE4C8126-E5C8-405E-958F-4DE9F686089B}.Release|x86.ActiveCfg = Release|Any CPU
		{BE4C8126-E5C8-405E-958F-4DE9F686089B}.Release|x86.Build.0 = Release|Any CPU
		{37633896-6066-49C5-B76A-0E5D5D6D1D23}.Debug|Any CPU.ActiveCfg = Debug|Any CPU
		{37633896-6066-49C5-B76A-0E5D5D6D1D23}.Debug|Any CPU.Build.0 = Debug|Any CPU
		{37633896-6066-49C5-B76A-0E5D5D6D1D23}.Debug|x64.ActiveCfg = Debug|Any CPU
		{37633896-6066-49C5-B76A-0E5D5D6D1D23}.Debug|x64.Build.0 = Debug|Any CPU
		{37633896-6066-49C5-B76A-0E5D5D6D1D23}.Debug|x86.ActiveCfg = Debug|Any CPU
		{37633896-6066-49C5-B76A-0E5D5D6D1D23}.Debug|x86.Build.0 = Debug|Any CPU
		{37633896-6066-49C5-B76A-0E5D5D6D1D23}.Release|Any CPU.ActiveCfg = Release|Any CPU
		{37633896-6066-49C5-B76A-0E5D5D6D1D23}.Release|Any CPU.Build.0 = Release|Any CPU
		{37633896-6066-49C5-B76A-0E5D5D6D1D23}.Release|x64.ActiveCfg = Release|Any CPU
		{37633896-6066-49C5-B76A-0E5D5D6D1D23}.Release|x64.Build.0 = Release|Any CPU
		{37633896-6066-49C5-B76A-0E5D5D6D1D23}.Release|x86.ActiveCfg = Release|Any CPU
		{37633896-6066-49C5-B76A-0E5D5D6D1D23}.Release|x86.Build.0 = Release|Any CPU
		{EF9C4AB3-61D7-4C10-A2E6-5C205764F0EC}.Debug|Any CPU.ActiveCfg = Debug|Any CPU
		{EF9C4AB3-61D7-4C10-A2E6-5C205764F0EC}.Debug|Any CPU.Build.0 = Debug|Any CPU
		{EF9C4AB3-61D7-4C10-A2E6-5C205764F0EC}.Debug|x64.ActiveCfg = Debug|Any CPU
		{EF9C4AB3-61D7-4C10-A2E6-5C205764F0EC}.Debug|x64.Build.0 = Debug|Any CPU
		{EF9C4AB3-61D7-4C10-A2E6-5C205764F0EC}.Debug|x86.ActiveCfg = Debug|Any CPU
		{EF9C4AB3-61D7-4C10-A2E6-5C205764F0EC}.Debug|x86.Build.0 = Debug|Any CPU
		{EF9C4AB3-61D7-4C10-A2E6-5C205764F0EC}.Release|Any CPU.ActiveCfg = Release|Any CPU
		{EF9C4AB3-61D7-4C10-A2E6-5C205764F0EC}.Release|Any CPU.Build.0 = Release|Any CPU
		{EF9C4AB3-61D7-4C10-A2E6-5C205764F0EC}.Release|x64.ActiveCfg = Release|Any CPU
		{EF9C4AB3-61D7-4C10-A2E6-5C205764F0EC}.Release|x64.Build.0 = Release|Any CPU
		{EF9C4AB3-61D7-4C10-A2E6-5C205764F0EC}.Release|x86.ActiveCfg = Release|Any CPU
		{EF9C4AB3-61D7-4C10-A2E6-5C205764F0EC}.Release|x86.Build.0 = Release|Any CPU
	EndGlobalSection
	GlobalSection(SolutionProperties) = preSolution
		HideSolutionNode = FALSE
	EndGlobalSection
	GlobalSection(NestedProjects) = preSolution
		{87A9302D-C6A7-4507-82D5-D83A40E899E2} = {EBFA2E1E-92FF-4DF9-9212-398D1FEF617B}
		{7E4E3AC1-4FD8-407A-92A5-72ED68474C26} = {EBFA2E1E-92FF-4DF9-9212-398D1FEF617B}
		{2807B493-CC2E-402E-901A-EB138698FEDC} = {7E4E3AC1-4FD8-407A-92A5-72ED68474C26}
		{9B0BA841-5A2F-4ED3-A908-253DBCA70E77} = {7E4E3AC1-4FD8-407A-92A5-72ED68474C26}
		{252126D1-E1D9-49C3-910B-FCF2266265EF} = {EBFA2E1E-92FF-4DF9-9212-398D1FEF617B}
		{BE4C8126-E5C8-405E-958F-4DE9F686089B} = {EBFA2E1E-92FF-4DF9-9212-398D1FEF617B}
		{37633896-6066-49C5-B76A-0E5D5D6D1D23} = {EBFA2E1E-92FF-4DF9-9212-398D1FEF617B}
		{EF9C4AB3-61D7-4C10-A2E6-5C205764F0EC} = {EBFA2E1E-92FF-4DF9-9212-398D1FEF617B}
	EndGlobalSection
EndGlobal
