Microsoft Visual Studio Solution File, Format Version 12.00
# Visual Studio 15
VisualStudioVersion = 15.0.26430.15
MinimumVisualStudioVersion = 10.0.40219.1
Project("{FAE04EC0-301F-11D3-BF4B-00C04F79EFBC}") = "MDemo", "MDemo\MDemo.csproj", "{84D31F14-D7A8-4C89-A9BB-22BC778929A2}"
EndProject
Project("{FAE04EC0-301F-11D3-BF4B-00C04F79EFBC}") = "MLib", "Components\MLib\MLib.csproj", "{87A9302D-C6A7-4507-82D5-D83A40E899E2}"
EndProject
Project("{2150E333-8FDC-42A3-9474-1A3956D46DE8}") = "Components", "Components", "{EBFA2E1E-92FF-4DF9-9212-398D1FEF617B}"
EndProject
Project("{2150E333-8FDC-42A3-9474-1A3956D46DE8}") = "Settings", "Settings", "{7E4E3AC1-4FD8-407A-92A5-72ED68474C26}"
EndProject
Project("{FAE04EC0-301F-11D3-BF4B-00C04F79EFBC}") = "Settings", "More_Components\Settings\Settings\Settings.csproj", "{2807B493-CC2E-402E-901A-EB138698FEDC}"
EndProject
Project("{FAE04EC0-301F-11D3-BF4B-00C04F79EFBC}") = "SettingsModel", "More_Components\Settings\SettingsModel\SettingsModel.csproj", "{9B0BA841-5A2F-4ED3-A908-253DBCA70E77}"
EndProject
Project("{FAE04EC0-301F-11D3-BF4B-00C04F79EFBC}") = "ServiceLocator", "More_Components\ServiceLocator\ServiceLocator.csproj", "{252126D1-E1D9-49C3-910B-FCF2266265EF}"
EndProject
Project("{FAE04EC0-301F-11D3-BF4B-00C04F79EFBC}") = "MWindowLib", "Components\MWindowLib\MWindowLib.csproj", "{BE4C8126-E5C8-405E-958F-4DE9F686089B}"
EndProject
Project("{FAE04EC0-301F-11D3-BF4B-00C04F79EFBC}") = "MWindowInterfacesLib", "Components\MWindowInterfacesLib\MWindowInterfacesLib.csproj", "{37633896-6066-49C5-B76A-0E5D5D6D1D23}"
EndProject
Project("{FAE04EC0-301F-11D3-BF4B-00C04F79EFBC}") = "MWindowDialogLib", "Components\MWindowDialogLib\MWindowDialogLib.csproj", "{EF9C4AB3-61D7-4C10-A2E6-5C205764F0EC}"
EndProject
Project("{2150E333-8FDC-42A3-9474-1A3956D46DE8}") = "fsc", "fsc", "{03C284DA-4C51-4E53-96FD-1004EFE15D7A}"
EndProject
Project("{FAE04EC0-301F-11D3-BF4B-00C04F79EFBC}") = "WPFProcessingLib", "More_Components\fs3_Components\WPFProcessingLib\WPFProcessingLib\WPFProcessingLib.csproj", "{077C358B-9731-4C5E-9EA7-F2CD7487ACBE}"
EndProject
Project("{FAE04EC0-301F-11D3-BF4B-00C04F79EFBC}") = "FileSystemModels", "More_Components\fs3_Components\FileSystemModels\FileSystemModels.csproj", "{391639C4-5C43-4391-9465-27686E82C33F}"
EndProject
Project("{FAE04EC0-301F-11D3-BF4B-00C04F79EFBC}") = "FolderBrowser", "More_Components\fs3_Components\FolderBrowser\FolderBrowser.csproj", "{7D4BD5F8-A98E-4966-ABBD-CBE202DFBEF7}"
EndProject
Project("{FAE04EC0-301F-11D3-BF4B-00C04F79EFBC}") = "FsCore", "More_Components\fs3_Components\FsCore\FsCore.csproj", "{8391F556-C4CB-4AA9-9874-BF665FB2B072}"
EndProject
Project("{FAE04EC0-301F-11D3-BF4B-00C04F79EFBC}") = "TreeViewDemo", "TreeViewDemo\TreeViewDemo.csproj", "{4E9D73B6-A2BF-4FB7-A72E-C8622972070C}"
EndProject
Project("{2150E333-8FDC-42A3-9474-1A3956D46DE8}") = "More_Components", "More_Components", "{5E416F15-E4AB-485A-A644-1E370A49C740}"
EndProject
Project("{2150E333-8FDC-42A3-9474-1A3956D46DE8}") = "PDF_Binder", "PDF_Binder", "{3E91F05C-AD87-4913-8EA9-76D327B72544}"
EndProject
Project("{2150E333-8FDC-42A3-9474-1A3956D46DE8}") = "Components", "Components", "{55E6B901-4F93-4F6D-88CC-EDC92127ABD0}"
EndProject
Project("{FAE04EC0-301F-11D3-BF4B-00C04F79EFBC}") = "Doc", "PDF Binder\Components\Doc\Doc.csproj", "{E4AA9A89-EFA8-40A1-9FA7-5B4A03E473D4}"
EndProject
Project("{FAE04EC0-301F-11D3-BF4B-00C04F79EFBC}") = "ExplorerLib", "PDF Binder\Components\ExplorerLib\ExplorerLib.csproj", "{C1D141F7-4962-45F3-9EDA-A7900DEED1C7}"
EndProject
Project("{FAE04EC0-301F-11D3-BF4B-00C04F79EFBC}") = "WatermarkControlsLib", "PDF Binder\Components\WatermarkControlsLib\Lib\WatermarkControlsLib.csproj", "{1DF7E22D-622D-437A-9100-2D586EBF4019}"
EndProject
Project("{FAE04EC0-301F-11D3-BF4B-00C04F79EFBC}") = "PDF Binder", "PDF Binder\PDF Binder\PDF Binder.csproj", "{4BB0C891-C854-4737-9079-9EE11C9D7376}"
EndProject
Project("{FAE04EC0-301F-11D3-BF4B-00C04F79EFBC}") = "PDFBinderLib", "PDF Binder\PDFBinderLib\PDFBinderLib.csproj", "{35D0CA7F-FC07-4515-82F2-7DDC14B8437B}"
EndProject
Project("{FAE04EC0-301F-11D3-BF4B-00C04F79EFBC}") = "InplaceEditBoxLib", "More_Components\fs3_Components\InplaceEditBoxLib\InplaceEditBoxLib.csproj", "{B1F5CF22-F192-4DAE-BDF3-C0C604A29C88}"
EndProject
Project("{FAE04EC0-301F-11D3-BF4B-00C04F79EFBC}") = "UserNotification", "More_Components\fs3_Components\UserNotification\UserNotification.csproj", "{AF255663-9320-4EBA-92CF-D0D6AAC951C0}"
EndProject
Project("{FAE04EC0-301F-11D3-BF4B-00C04F79EFBC}") = "BindToMLib", "Components\BindToMLib\BindToMLib.csproj", "{DEC77495-6E48-4F66-B22B-E9BA2CA6E257}"
EndProject
Project("{930C7802-8A8C-48F9-8165-68863BCCD9DD}") = "PDF_Binder_Setup", "PDF Binder\PDF_Binder_Setup\PDF_Binder_Setup.wixproj", "{6DC46B33-769C-4537-ABAE-8AA07996AEFA}"
EndProject
Project("{FAE04EC0-301F-11D3-BF4B-00C04F79EFBC}") = "FsContentDialogDemo", "FsContentDialogDemo\FsContentDialogDemo.csproj", "{58BD0E02-6BFF-43F0-9B93-D3371E97794B}"
EndProject
Project("{FAE04EC0-301F-11D3-BF4B-00C04F79EFBC}") = "DropDownButtonLib", "More_Components\DropDownButtonLib\DropDownButtonLib\DropDownButtonLib.csproj", "{386CFC32-9BB3-4F42-9164-4900E099E93C}"
EndProject
Project("{2150E333-8FDC-42A3-9474-1A3956D46DE8}") = "DropDownButtonLib", "DropDownButtonLib", "{90161169-A91C-40AD-A19F-AD1F4E2DFCDE}"
EndProject
Project("{FAE04EC0-301F-11D3-BF4B-00C04F79EFBC}") = "DropDownButtonTest", "More_Components\DropDownButtonLib\DropDownButtonTest\DropDownButtonTest.csproj", "{E5F032E0-CC7A-40A0-B11D-98D1F5A67775}"
EndProject
Global
	GlobalSection(SolutionConfigurationPlatforms) = preSolution
		Debug|Any CPU = Debug|Any CPU
		Debug|x64 = Debug|x64
		Debug|x86 = Debug|x86
		Release|Any CPU = Release|Any CPU
		Release|x64 = Release|x64
		Release|x86 = Release|x86
	EndGlobalSection
	GlobalSection(ProjectConfigurationPlatforms) = postSolution
		{84D31F14-D7A8-4C89-A9BB-22BC778929A2}.Debug|Any CPU.ActiveCfg = Debug|Any CPU
		{84D31F14-D7A8-4C89-A9BB-22BC778929A2}.Debug|Any CPU.Build.0 = Debug|Any CPU
		{84D31F14-D7A8-4C89-A9BB-22BC778929A2}.Debug|x64.ActiveCfg = Debug|x64
		{84D31F14-D7A8-4C89-A9BB-22BC778929A2}.Debug|x64.Build.0 = Debug|x64
		{84D31F14-D7A8-4C89-A9BB-22BC778929A2}.Debug|x86.ActiveCfg = Debug|x86
		{84D31F14-D7A8-4C89-A9BB-22BC778929A2}.Debug|x86.Build.0 = Debug|x86
		{84D31F14-D7A8-4C89-A9BB-22BC778929A2}.Release|Any CPU.ActiveCfg = Release|Any CPU
		{84D31F14-D7A8-4C89-A9BB-22BC778929A2}.Release|Any CPU.Build.0 = Release|Any CPU
		{84D31F14-D7A8-4C89-A9BB-22BC778929A2}.Release|x64.ActiveCfg = Release|Any CPU
		{84D31F14-D7A8-4C89-A9BB-22BC778929A2}.Release|x64.Build.0 = Release|Any CPU
		{84D31F14-D7A8-4C89-A9BB-22BC778929A2}.Release|x86.ActiveCfg = Release|Any CPU
		{84D31F14-D7A8-4C89-A9BB-22BC778929A2}.Release|x86.Build.0 = Release|Any CPU
		{87A9302D-C6A7-4507-82D5-D83A40E899E2}.Debug|Any CPU.ActiveCfg = Debug|Any CPU
		{87A9302D-C6A7-4507-82D5-D83A40E899E2}.Debug|Any CPU.Build.0 = Debug|Any CPU
		{87A9302D-C6A7-4507-82D5-D83A40E899E2}.Debug|x64.ActiveCfg = Debug|x64
		{87A9302D-C6A7-4507-82D5-D83A40E899E2}.Debug|x64.Build.0 = Debug|x64
		{87A9302D-C6A7-4507-82D5-D83A40E899E2}.Debug|x86.ActiveCfg = Debug|x86
		{87A9302D-C6A7-4507-82D5-D83A40E899E2}.Debug|x86.Build.0 = Debug|x86
		{87A9302D-C6A7-4507-82D5-D83A40E899E2}.Release|Any CPU.ActiveCfg = Release|Any CPU
		{87A9302D-C6A7-4507-82D5-D83A40E899E2}.Release|Any CPU.Build.0 = Release|Any CPU
		{87A9302D-C6A7-4507-82D5-D83A40E899E2}.Release|x64.ActiveCfg = Release|Any CPU
		{87A9302D-C6A7-4507-82D5-D83A40E899E2}.Release|x64.Build.0 = Release|Any CPU
		{87A9302D-C6A7-4507-82D5-D83A40E899E2}.Release|x86.ActiveCfg = Release|Any CPU
		{87A9302D-C6A7-4507-82D5-D83A40E899E2}.Release|x86.Build.0 = Release|Any CPU
		{2807B493-CC2E-402E-901A-EB138698FEDC}.Debug|Any CPU.ActiveCfg = Debug|Any CPU
		{2807B493-CC2E-402E-901A-EB138698FEDC}.Debug|Any CPU.Build.0 = Debug|Any CPU
		{2807B493-CC2E-402E-901A-EB138698FEDC}.Debug|x64.ActiveCfg = Debug|x64
		{2807B493-CC2E-402E-901A-EB138698FEDC}.Debug|x64.Build.0 = Debug|x64
		{2807B493-CC2E-402E-901A-EB138698FEDC}.Debug|x86.ActiveCfg = Debug|x86
		{2807B493-CC2E-402E-901A-EB138698FEDC}.Debug|x86.Build.0 = Debug|x86
		{2807B493-CC2E-402E-901A-EB138698FEDC}.Release|Any CPU.ActiveCfg = Release|Any CPU
		{2807B493-CC2E-402E-901A-EB138698FEDC}.Release|Any CPU.Build.0 = Release|Any CPU
		{2807B493-CC2E-402E-901A-EB138698FEDC}.Release|x64.ActiveCfg = Release|Any CPU
		{2807B493-CC2E-402E-901A-EB138698FEDC}.Release|x64.Build.0 = Release|Any CPU
		{2807B493-CC2E-402E-901A-EB138698FEDC}.Release|x86.ActiveCfg = Release|x86
		{2807B493-CC2E-402E-901A-EB138698FEDC}.Release|x86.Build.0 = Release|x86
		{9B0BA841-5A2F-4ED3-A908-253DBCA70E77}.Debug|Any CPU.ActiveCfg = Debug|Any CPU
		{9B0BA841-5A2F-4ED3-A908-253DBCA70E77}.Debug|Any CPU.Build.0 = Debug|Any CPU
		{9B0BA841-5A2F-4ED3-A908-253DBCA70E77}.Debug|x64.ActiveCfg = Debug|x64
		{9B0BA841-5A2F-4ED3-A908-253DBCA70E77}.Debug|x64.Build.0 = Debug|x64
		{9B0BA841-5A2F-4ED3-A908-253DBCA70E77}.Debug|x86.ActiveCfg = Debug|x86
		{9B0BA841-5A2F-4ED3-A908-253DBCA70E77}.Debug|x86.Build.0 = Debug|x86
		{9B0BA841-5A2F-4ED3-A908-253DBCA70E77}.Release|Any CPU.ActiveCfg = Release|Any CPU
		{9B0BA841-5A2F-4ED3-A908-253DBCA70E77}.Release|Any CPU.Build.0 = Release|Any CPU
		{9B0BA841-5A2F-4ED3-A908-253DBCA70E77}.Release|x64.ActiveCfg = Release|Any CPU
		{9B0BA841-5A2F-4ED3-A908-253DBCA70E77}.Release|x64.Build.0 = Release|Any CPU
		{9B0BA841-5A2F-4ED3-A908-253DBCA70E77}.Release|x86.ActiveCfg = Release|Any CPU
		{9B0BA841-5A2F-4ED3-A908-253DBCA70E77}.Release|x86.Build.0 = Release|Any CPU
		{252126D1-E1D9-49C3-910B-FCF2266265EF}.Debug|Any CPU.ActiveCfg = Debug|Any CPU
		{252126D1-E1D9-49C3-910B-FCF2266265EF}.Debug|Any CPU.Build.0 = Debug|Any CPU
		{252126D1-E1D9-49C3-910B-FCF2266265EF}.Debug|x64.ActiveCfg = Debug|x64
		{252126D1-E1D9-49C3-910B-FCF2266265EF}.Debug|x64.Build.0 = Debug|x64
		{252126D1-E1D9-49C3-910B-FCF2266265EF}.Debug|x86.ActiveCfg = Debug|x86
		{252126D1-E1D9-49C3-910B-FCF2266265EF}.Debug|x86.Build.0 = Debug|x86
		{252126D1-E1D9-49C3-910B-FCF2266265EF}.Release|Any CPU.ActiveCfg = Release|Any CPU
		{252126D1-E1D9-49C3-910B-FCF2266265EF}.Release|Any CPU.Build.0 = Release|Any CPU
		{252126D1-E1D9-49C3-910B-FCF2266265EF}.Release|x64.ActiveCfg = Release|Any CPU
		{252126D1-E1D9-49C3-910B-FCF2266265EF}.Release|x64.Build.0 = Release|Any CPU
		{252126D1-E1D9-49C3-910B-FCF2266265EF}.Release|x86.ActiveCfg = Release|Any CPU
		{252126D1-E1D9-49C3-910B-FCF2266265EF}.Release|x86.Build.0 = Release|Any CPU
		{BE4C8126-E5C8-405E-958F-4DE9F686089B}.Debug|Any CPU.ActiveCfg = Debug|Any CPU
		{BE4C8126-E5C8-405E-958F-4DE9F686089B}.Debug|Any CPU.Build.0 = Debug|Any CPU
		{BE4C8126-E5C8-405E-958F-4DE9F686089B}.Debug|x64.ActiveCfg = Debug|x64
		{BE4C8126-E5C8-405E-958F-4DE9F686089B}.Debug|x64.Build.0 = Debug|x64
		{BE4C8126-E5C8-405E-958F-4DE9F686089B}.Debug|x86.ActiveCfg = Debug|x86
		{BE4C8126-E5C8-405E-958F-4DE9F686089B}.Debug|x86.Build.0 = Debug|x86
		{BE4C8126-E5C8-405E-958F-4DE9F686089B}.Release|Any CPU.ActiveCfg = Release|Any CPU
		{BE4C8126-E5C8-405E-958F-4DE9F686089B}.Release|Any CPU.Build.0 = Release|Any CPU
		{BE4C8126-E5C8-405E-958F-4DE9F686089B}.Release|x64.ActiveCfg = Release|Any CPU
		{BE4C8126-E5C8-405E-958F-4DE9F686089B}.Release|x64.Build.0 = Release|Any CPU
		{BE4C8126-E5C8-405E-958F-4DE9F686089B}.Release|x86.ActiveCfg = Release|Any CPU
		{BE4C8126-E5C8-405E-958F-4DE9F686089B}.Release|x86.Build.0 = Release|Any CPU
		{37633896-6066-49C5-B76A-0E5D5D6D1D23}.Debug|Any CPU.ActiveCfg = Debug|Any CPU
		{37633896-6066-49C5-B76A-0E5D5D6D1D23}.Debug|Any CPU.Build.0 = Debug|Any CPU
		{37633896-6066-49C5-B76A-0E5D5D6D1D23}.Debug|x64.ActiveCfg = Debug|x64
		{37633896-6066-49C5-B76A-0E5D5D6D1D23}.Debug|x64.Build.0 = Debug|x64
		{37633896-6066-49C5-B76A-0E5D5D6D1D23}.Debug|x86.ActiveCfg = Debug|x86
		{37633896-6066-49C5-B76A-0E5D5D6D1D23}.Debug|x86.Build.0 = Debug|x86
		{37633896-6066-49C5-B76A-0E5D5D6D1D23}.Release|Any CPU.ActiveCfg = Release|Any CPU
		{37633896-6066-49C5-B76A-0E5D5D6D1D23}.Release|Any CPU.Build.0 = Release|Any CPU
		{37633896-6066-49C5-B76A-0E5D5D6D1D23}.Release|x64.ActiveCfg = Release|Any CPU
		{37633896-6066-49C5-B76A-0E5D5D6D1D23}.Release|x64.Build.0 = Release|Any CPU
		{37633896-6066-49C5-B76A-0E5D5D6D1D23}.Release|x86.ActiveCfg = Release|Any CPU
		{37633896-6066-49C5-B76A-0E5D5D6D1D23}.Release|x86.Build.0 = Release|Any CPU
		{EF9C4AB3-61D7-4C10-A2E6-5C205764F0EC}.Debug|Any CPU.ActiveCfg = Debug|Any CPU
		{EF9C4AB3-61D7-4C10-A2E6-5C205764F0EC}.Debug|Any CPU.Build.0 = Debug|Any CPU
		{EF9C4AB3-61D7-4C10-A2E6-5C205764F0EC}.Debug|x64.ActiveCfg = Debug|x64
		{EF9C4AB3-61D7-4C10-A2E6-5C205764F0EC}.Debug|x64.Build.0 = Debug|x64
		{EF9C4AB3-61D7-4C10-A2E6-5C205764F0EC}.Debug|x86.ActiveCfg = Debug|x86
		{EF9C4AB3-61D7-4C10-A2E6-5C205764F0EC}.Debug|x86.Build.0 = Debug|x86
		{EF9C4AB3-61D7-4C10-A2E6-5C205764F0EC}.Release|Any CPU.ActiveCfg = Release|Any CPU
		{EF9C4AB3-61D7-4C10-A2E6-5C205764F0EC}.Release|Any CPU.Build.0 = Release|Any CPU
		{EF9C4AB3-61D7-4C10-A2E6-5C205764F0EC}.Release|x64.ActiveCfg = Release|Any CPU
		{EF9C4AB3-61D7-4C10-A2E6-5C205764F0EC}.Release|x64.Build.0 = Release|Any CPU
		{EF9C4AB3-61D7-4C10-A2E6-5C205764F0EC}.Release|x86.ActiveCfg = Release|Any CPU
		{EF9C4AB3-61D7-4C10-A2E6-5C205764F0EC}.Release|x86.Build.0 = Release|Any CPU
		{077C358B-9731-4C5E-9EA7-F2CD7487ACBE}.Debug|Any CPU.ActiveCfg = Debug|Any CPU
		{077C358B-9731-4C5E-9EA7-F2CD7487ACBE}.Debug|Any CPU.Build.0 = Debug|Any CPU
		{077C358B-9731-4C5E-9EA7-F2CD7487ACBE}.Debug|x64.ActiveCfg = Debug|x64
		{077C358B-9731-4C5E-9EA7-F2CD7487ACBE}.Debug|x64.Build.0 = Debug|x64
		{077C358B-9731-4C5E-9EA7-F2CD7487ACBE}.Debug|x86.ActiveCfg = Debug|x86
		{077C358B-9731-4C5E-9EA7-F2CD7487ACBE}.Debug|x86.Build.0 = Debug|x86
		{077C358B-9731-4C5E-9EA7-F2CD7487ACBE}.Release|Any CPU.ActiveCfg = Release|Any CPU
		{077C358B-9731-4C5E-9EA7-F2CD7487ACBE}.Release|Any CPU.Build.0 = Release|Any CPU
		{077C358B-9731-4C5E-9EA7-F2CD7487ACBE}.Release|x64.ActiveCfg = Release|Any CPU
		{077C358B-9731-4C5E-9EA7-F2CD7487ACBE}.Release|x64.Build.0 = Release|Any CPU
		{077C358B-9731-4C5E-9EA7-F2CD7487ACBE}.Release|x86.ActiveCfg = Release|Any CPU
		{077C358B-9731-4C5E-9EA7-F2CD7487ACBE}.Release|x86.Build.0 = Release|Any CPU
		{391639C4-5C43-4391-9465-27686E82C33F}.Debug|Any CPU.ActiveCfg = Debug|Any CPU
		{391639C4-5C43-4391-9465-27686E82C33F}.Debug|Any CPU.Build.0 = Debug|Any CPU
		{391639C4-5C43-4391-9465-27686E82C33F}.Debug|x64.ActiveCfg = Debug|x64
		{391639C4-5C43-4391-9465-27686E82C33F}.Debug|x64.Build.0 = Debug|x64
		{391639C4-5C43-4391-9465-27686E82C33F}.Debug|x86.ActiveCfg = Debug|x86
		{391639C4-5C43-4391-9465-27686E82C33F}.Debug|x86.Build.0 = Debug|x86
		{391639C4-5C43-4391-9465-27686E82C33F}.Release|Any CPU.ActiveCfg = Release|Any CPU
		{391639C4-5C43-4391-9465-27686E82C33F}.Release|Any CPU.Build.0 = Release|Any CPU
		{391639C4-5C43-4391-9465-27686E82C33F}.Release|x64.ActiveCfg = Release|Any CPU
		{391639C4-5C43-4391-9465-27686E82C33F}.Release|x64.Build.0 = Release|Any CPU
		{391639C4-5C43-4391-9465-27686E82C33F}.Release|x86.ActiveCfg = Release|Any CPU
		{391639C4-5C43-4391-9465-27686E82C33F}.Release|x86.Build.0 = Release|Any CPU
		{7D4BD5F8-A98E-4966-ABBD-CBE202DFBEF7}.Debug|Any CPU.ActiveCfg = Debug|Any CPU
		{7D4BD5F8-A98E-4966-ABBD-CBE202DFBEF7}.Debug|Any CPU.Build.0 = Debug|Any CPU
		{7D4BD5F8-A98E-4966-ABBD-CBE202DFBEF7}.Debug|x64.ActiveCfg = Debug|x64
		{7D4BD5F8-A98E-4966-ABBD-CBE202DFBEF7}.Debug|x64.Build.0 = Debug|x64
		{7D4BD5F8-A98E-4966-ABBD-CBE202DFBEF7}.Debug|x86.ActiveCfg = Debug|x86
		{7D4BD5F8-A98E-4966-ABBD-CBE202DFBEF7}.Debug|x86.Build.0 = Debug|x86
		{7D4BD5F8-A98E-4966-ABBD-CBE202DFBEF7}.Release|Any CPU.ActiveCfg = Release|Any CPU
		{7D4BD5F8-A98E-4966-ABBD-CBE202DFBEF7}.Release|Any CPU.Build.0 = Release|Any CPU
		{7D4BD5F8-A98E-4966-ABBD-CBE202DFBEF7}.Release|x64.ActiveCfg = Release|Any CPU
		{7D4BD5F8-A98E-4966-ABBD-CBE202DFBEF7}.Release|x64.Build.0 = Release|Any CPU
		{7D4BD5F8-A98E-4966-ABBD-CBE202DFBEF7}.Release|x86.ActiveCfg = Release|Any CPU
		{7D4BD5F8-A98E-4966-ABBD-CBE202DFBEF7}.Release|x86.Build.0 = Release|Any CPU
		{8391F556-C4CB-4AA9-9874-BF665FB2B072}.Debug|Any CPU.ActiveCfg = Debug|Any CPU
		{8391F556-C4CB-4AA9-9874-BF665FB2B072}.Debug|Any CPU.Build.0 = Debug|Any CPU
		{8391F556-C4CB-4AA9-9874-BF665FB2B072}.Debug|x64.ActiveCfg = Debug|x64
		{8391F556-C4CB-4AA9-9874-BF665FB2B072}.Debug|x64.Build.0 = Debug|x64
		{8391F556-C4CB-4AA9-9874-BF665FB2B072}.Debug|x86.ActiveCfg = Debug|x86
		{8391F556-C4CB-4AA9-9874-BF665FB2B072}.Debug|x86.Build.0 = Debug|x86
		{8391F556-C4CB-4AA9-9874-BF665FB2B072}.Release|Any CPU.ActiveCfg = Release|Any CPU
		{8391F556-C4CB-4AA9-9874-BF665FB2B072}.Release|Any CPU.Build.0 = Release|Any CPU
		{8391F556-C4CB-4AA9-9874-BF665FB2B072}.Release|x64.ActiveCfg = Release|x64
		{8391F556-C4CB-4AA9-9874-BF665FB2B072}.Release|x64.Build.0 = Release|x64
		{8391F556-C4CB-4AA9-9874-BF665FB2B072}.Release|x86.ActiveCfg = Release|Any CPU
		{8391F556-C4CB-4AA9-9874-BF665FB2B072}.Release|x86.Build.0 = Release|Any CPU
		{4E9D73B6-A2BF-4FB7-A72E-C8622972070C}.Debug|Any CPU.ActiveCfg = Debug|Any CPU
		{4E9D73B6-A2BF-4FB7-A72E-C8622972070C}.Debug|Any CPU.Build.0 = Debug|Any CPU
		{4E9D73B6-A2BF-4FB7-A72E-C8622972070C}.Debug|x64.ActiveCfg = Debug|x64
		{4E9D73B6-A2BF-4FB7-A72E-C8622972070C}.Debug|x64.Build.0 = Debug|x64
		{4E9D73B6-A2BF-4FB7-A72E-C8622972070C}.Debug|x86.ActiveCfg = Debug|x86
		{4E9D73B6-A2BF-4FB7-A72E-C8622972070C}.Debug|x86.Build.0 = Debug|x86
		{4E9D73B6-A2BF-4FB7-A72E-C8622972070C}.Release|Any CPU.ActiveCfg = Release|Any CPU
		{4E9D73B6-A2BF-4FB7-A72E-C8622972070C}.Release|Any CPU.Build.0 = Release|Any CPU
		{4E9D73B6-A2BF-4FB7-A72E-C8622972070C}.Release|x64.ActiveCfg = Release|Any CPU
		{4E9D73B6-A2BF-4FB7-A72E-C8622972070C}.Release|x64.Build.0 = Release|Any CPU
		{4E9D73B6-A2BF-4FB7-A72E-C8622972070C}.Release|x86.ActiveCfg = Release|Any CPU
		{4E9D73B6-A2BF-4FB7-A72E-C8622972070C}.Release|x86.Build.0 = Release|Any CPU
		{E4AA9A89-EFA8-40A1-9FA7-5B4A03E473D4}.Debug|Any CPU.ActiveCfg = Debug|Any CPU
		{E4AA9A89-EFA8-40A1-9FA7-5B4A03E473D4}.Debug|Any CPU.Build.0 = Debug|Any CPU
		{E4AA9A89-EFA8-40A1-9FA7-5B4A03E473D4}.Debug|x64.ActiveCfg = Debug|x64
		{E4AA9A89-EFA8-40A1-9FA7-5B4A03E473D4}.Debug|x64.Build.0 = Debug|x64
		{E4AA9A89-EFA8-40A1-9FA7-5B4A03E473D4}.Debug|x86.ActiveCfg = Debug|x86
		{E4AA9A89-EFA8-40A1-9FA7-5B4A03E473D4}.Debug|x86.Build.0 = Debug|x86
		{E4AA9A89-EFA8-40A1-9FA7-5B4A03E473D4}.Release|Any CPU.ActiveCfg = Release|Any CPU
		{E4AA9A89-EFA8-40A1-9FA7-5B4A03E473D4}.Release|Any CPU.Build.0 = Release|Any CPU
		{E4AA9A89-EFA8-40A1-9FA7-5B4A03E473D4}.Release|x64.ActiveCfg = Release|Any CPU
		{E4AA9A89-EFA8-40A1-9FA7-5B4A03E473D4}.Release|x64.Build.0 = Release|Any CPU
		{E4AA9A89-EFA8-40A1-9FA7-5B4A03E473D4}.Release|x86.ActiveCfg = Release|Any CPU
		{E4AA9A89-EFA8-40A1-9FA7-5B4A03E473D4}.Release|x86.Build.0 = Release|Any CPU
		{C1D141F7-4962-45F3-9EDA-A7900DEED1C7}.Debug|Any CPU.ActiveCfg = Debug|Any CPU
		{C1D141F7-4962-45F3-9EDA-A7900DEED1C7}.Debug|Any CPU.Build.0 = Debug|Any CPU
		{C1D141F7-4962-45F3-9EDA-A7900DEED1C7}.Debug|x64.ActiveCfg = Debug|x64
		{C1D141F7-4962-45F3-9EDA-A7900DEED1C7}.Debug|x64.Build.0 = Debug|x64
		{C1D141F7-4962-45F3-9EDA-A7900DEED1C7}.Debug|x86.ActiveCfg = Debug|x86
		{C1D141F7-4962-45F3-9EDA-A7900DEED1C7}.Debug|x86.Build.0 = Debug|x86
		{C1D141F7-4962-45F3-9EDA-A7900DEED1C7}.Release|Any CPU.ActiveCfg = Release|Any CPU
		{C1D141F7-4962-45F3-9EDA-A7900DEED1C7}.Release|Any CPU.Build.0 = Release|Any CPU
		{C1D141F7-4962-45F3-9EDA-A7900DEED1C7}.Release|x64.ActiveCfg = Release|Any CPU
		{C1D141F7-4962-45F3-9EDA-A7900DEED1C7}.Release|x64.Build.0 = Release|Any CPU
		{C1D141F7-4962-45F3-9EDA-A7900DEED1C7}.Release|x86.ActiveCfg = Release|Any CPU
		{C1D141F7-4962-45F3-9EDA-A7900DEED1C7}.Release|x86.Build.0 = Release|Any CPU
		{1DF7E22D-622D-437A-9100-2D586EBF4019}.Debug|Any CPU.ActiveCfg = Debug|Any CPU
		{1DF7E22D-622D-437A-9100-2D586EBF4019}.Debug|Any CPU.Build.0 = Debug|Any CPU
		{1DF7E22D-622D-437A-9100-2D586EBF4019}.Debug|x64.ActiveCfg = Debug|x64
		{1DF7E22D-622D-437A-9100-2D586EBF4019}.Debug|x64.Build.0 = Debug|x64
		{1DF7E22D-622D-437A-9100-2D586EBF4019}.Debug|x86.ActiveCfg = Debug|x86
		{1DF7E22D-622D-437A-9100-2D586EBF4019}.Debug|x86.Build.0 = Debug|x86
		{1DF7E22D-622D-437A-9100-2D586EBF4019}.Release|Any CPU.ActiveCfg = Release|Any CPU
		{1DF7E22D-622D-437A-9100-2D586EBF4019}.Release|Any CPU.Build.0 = Release|Any CPU
		{1DF7E22D-622D-437A-9100-2D586EBF4019}.Release|x64.ActiveCfg = Release|Any CPU
		{1DF7E22D-622D-437A-9100-2D586EBF4019}.Release|x64.Build.0 = Release|Any CPU
		{1DF7E22D-622D-437A-9100-2D586EBF4019}.Release|x86.ActiveCfg = Release|Any CPU
		{1DF7E22D-622D-437A-9100-2D586EBF4019}.Release|x86.Build.0 = Release|Any CPU
		{4BB0C891-C854-4737-9079-9EE11C9D7376}.Debug|Any CPU.ActiveCfg = Debug|Any CPU
		{4BB0C891-C854-4737-9079-9EE11C9D7376}.Debug|Any CPU.Build.0 = Debug|Any CPU
		{4BB0C891-C854-4737-9079-9EE11C9D7376}.Debug|x64.ActiveCfg = Debug|x64
		{4BB0C891-C854-4737-9079-9EE11C9D7376}.Debug|x64.Build.0 = Debug|x64
		{4BB0C891-C854-4737-9079-9EE11C9D7376}.Debug|x86.ActiveCfg = Debug|x86
		{4BB0C891-C854-4737-9079-9EE11C9D7376}.Debug|x86.Build.0 = Debug|x86
		{4BB0C891-C854-4737-9079-9EE11C9D7376}.Release|Any CPU.ActiveCfg = Release|Any CPU
		{4BB0C891-C854-4737-9079-9EE11C9D7376}.Release|Any CPU.Build.0 = Release|Any CPU
		{4BB0C891-C854-4737-9079-9EE11C9D7376}.Release|x64.ActiveCfg = Release|Any CPU
		{4BB0C891-C854-4737-9079-9EE11C9D7376}.Release|x64.Build.0 = Release|Any CPU
		{4BB0C891-C854-4737-9079-9EE11C9D7376}.Release|x86.ActiveCfg = Release|Any CPU
		{4BB0C891-C854-4737-9079-9EE11C9D7376}.Release|x86.Build.0 = Release|Any CPU
		{35D0CA7F-FC07-4515-82F2-7DDC14B8437B}.Debug|Any CPU.ActiveCfg = Debug|Any CPU
		{35D0CA7F-FC07-4515-82F2-7DDC14B8437B}.Debug|Any CPU.Build.0 = Debug|Any CPU
		{35D0CA7F-FC07-4515-82F2-7DDC14B8437B}.Debug|x64.ActiveCfg = Debug|x64
		{35D0CA7F-FC07-4515-82F2-7DDC14B8437B}.Debug|x64.Build.0 = Debug|x64
		{35D0CA7F-FC07-4515-82F2-7DDC14B8437B}.Debug|x86.ActiveCfg = Debug|x86
		{35D0CA7F-FC07-4515-82F2-7DDC14B8437B}.Debug|x86.Build.0 = Debug|x86
		{35D0CA7F-FC07-4515-82F2-7DDC14B8437B}.Release|Any CPU.ActiveCfg = Release|Any CPU
		{35D0CA7F-FC07-4515-82F2-7DDC14B8437B}.Release|Any CPU.Build.0 = Release|Any CPU
		{35D0CA7F-FC07-4515-82F2-7DDC14B8437B}.Release|x64.ActiveCfg = Release|Any CPU
		{35D0CA7F-FC07-4515-82F2-7DDC14B8437B}.Release|x64.Build.0 = Release|Any CPU
		{35D0CA7F-FC07-4515-82F2-7DDC14B8437B}.Release|x86.ActiveCfg = Release|Any CPU
		{35D0CA7F-FC07-4515-82F2-7DDC14B8437B}.Release|x86.Build.0 = Release|Any CPU
		{B1F5CF22-F192-4DAE-BDF3-C0C604A29C88}.Debug|Any CPU.ActiveCfg = Debug|Any CPU
		{B1F5CF22-F192-4DAE-BDF3-C0C604A29C88}.Debug|Any CPU.Build.0 = Debug|Any CPU
		{B1F5CF22-F192-4DAE-BDF3-C0C604A29C88}.Debug|x64.ActiveCfg = Debug|x64
		{B1F5CF22-F192-4DAE-BDF3-C0C604A29C88}.Debug|x64.Build.0 = Debug|x64
		{B1F5CF22-F192-4DAE-BDF3-C0C604A29C88}.Debug|x86.ActiveCfg = Debug|x86
		{B1F5CF22-F192-4DAE-BDF3-C0C604A29C88}.Debug|x86.Build.0 = Debug|x86
		{B1F5CF22-F192-4DAE-BDF3-C0C604A29C88}.Release|Any CPU.ActiveCfg = Release|Any CPU
		{B1F5CF22-F192-4DAE-BDF3-C0C604A29C88}.Release|Any CPU.Build.0 = Release|Any CPU
		{B1F5CF22-F192-4DAE-BDF3-C0C604A29C88}.Release|x64.ActiveCfg = Release|Any CPU
		{B1F5CF22-F192-4DAE-BDF3-C0C604A29C88}.Release|x64.Build.0 = Release|Any CPU
		{B1F5CF22-F192-4DAE-BDF3-C0C604A29C88}.Release|x86.ActiveCfg = Release|x86
		{B1F5CF22-F192-4DAE-BDF3-C0C604A29C88}.Release|x86.Build.0 = Release|x86
		{AF255663-9320-4EBA-92CF-D0D6AAC951C0}.Debug|Any CPU.ActiveCfg = Debug|Any CPU
		{AF255663-9320-4EBA-92CF-D0D6AAC951C0}.Debug|Any CPU.Build.0 = Debug|Any CPU
		{AF255663-9320-4EBA-92CF-D0D6AAC951C0}.Debug|x64.ActiveCfg = Debug|x64
		{AF255663-9320-4EBA-92CF-D0D6AAC951C0}.Debug|x64.Build.0 = Debug|x64
		{AF255663-9320-4EBA-92CF-D0D6AAC951C0}.Debug|x86.ActiveCfg = Debug|x86
		{AF255663-9320-4EBA-92CF-D0D6AAC951C0}.Debug|x86.Build.0 = Debug|x86
		{AF255663-9320-4EBA-92CF-D0D6AAC951C0}.Release|Any CPU.ActiveCfg = Release|Any CPU
		{AF255663-9320-4EBA-92CF-D0D6AAC951C0}.Release|Any CPU.Build.0 = Release|Any CPU
		{AF255663-9320-4EBA-92CF-D0D6AAC951C0}.Release|x64.ActiveCfg = Release|Any CPU
		{AF255663-9320-4EBA-92CF-D0D6AAC951C0}.Release|x64.Build.0 = Release|Any CPU
		{AF255663-9320-4EBA-92CF-D0D6AAC951C0}.Release|x86.ActiveCfg = Release|x86
		{AF255663-9320-4EBA-92CF-D0D6AAC951C0}.Release|x86.Build.0 = Release|x86
		{DEC77495-6E48-4F66-B22B-E9BA2CA6E257}.Debug|Any CPU.ActiveCfg = Debug|Any CPU
		{DEC77495-6E48-4F66-B22B-E9BA2CA6E257}.Debug|Any CPU.Build.0 = Debug|Any CPU
		{DEC77495-6E48-4F66-B22B-E9BA2CA6E257}.Debug|x64.ActiveCfg = Debug|x64
		{DEC77495-6E48-4F66-B22B-E9BA2CA6E257}.Debug|x64.Build.0 = Debug|x64
		{DEC77495-6E48-4F66-B22B-E9BA2CA6E257}.Debug|x86.ActiveCfg = Debug|x86
		{DEC77495-6E48-4F66-B22B-E9BA2CA6E257}.Debug|x86.Build.0 = Debug|x86
		{DEC77495-6E48-4F66-B22B-E9BA2CA6E257}.Release|Any CPU.ActiveCfg = Release|Any CPU
		{DEC77495-6E48-4F66-B22B-E9BA2CA6E257}.Release|Any CPU.Build.0 = Release|Any CPU
		{DEC77495-6E48-4F66-B22B-E9BA2CA6E257}.Release|x64.ActiveCfg = Release|Any CPU
		{DEC77495-6E48-4F66-B22B-E9BA2CA6E257}.Release|x64.Build.0 = Release|Any CPU
		{DEC77495-6E48-4F66-B22B-E9BA2CA6E257}.Release|x86.ActiveCfg = Release|Any CPU
		{DEC77495-6E48-4F66-B22B-E9BA2CA6E257}.Release|x86.Build.0 = Release|Any CPU
		{6DC46B33-769C-4537-ABAE-8AA07996AEFA}.Debug|Any CPU.ActiveCfg = Debug|x86
		{6DC46B33-769C-4537-ABAE-8AA07996AEFA}.Debug|x64.ActiveCfg = Debug|x86
		{6DC46B33-769C-4537-ABAE-8AA07996AEFA}.Debug|x86.ActiveCfg = Debug|x86
		{6DC46B33-769C-4537-ABAE-8AA07996AEFA}.Debug|x86.Build.0 = Debug|x86
		{6DC46B33-769C-4537-ABAE-8AA07996AEFA}.Release|Any CPU.ActiveCfg = Release|x86
		{6DC46B33-769C-4537-ABAE-8AA07996AEFA}.Release|x64.ActiveCfg = Release|x86
		{6DC46B33-769C-4537-ABAE-8AA07996AEFA}.Release|x86.ActiveCfg = Release|x86
		{6DC46B33-769C-4537-ABAE-8AA07996AEFA}.Release|x86.Build.0 = Release|x86
		{58BD0E02-6BFF-43F0-9B93-D3371E97794B}.Debug|Any CPU.ActiveCfg = Debug|Any CPU
		{58BD0E02-6BFF-43F0-9B93-D3371E97794B}.Debug|Any CPU.Build.0 = Debug|Any CPU
		{58BD0E02-6BFF-43F0-9B93-D3371E97794B}.Debug|x64.ActiveCfg = Debug|x64
		{58BD0E02-6BFF-43F0-9B93-D3371E97794B}.Debug|x64.Build.0 = Debug|x64
		{58BD0E02-6BFF-43F0-9B93-D3371E97794B}.Debug|x86.ActiveCfg = Debug|x86
		{58BD0E02-6BFF-43F0-9B93-D3371E97794B}.Debug|x86.Build.0 = Debug|x86
		{58BD0E02-6BFF-43F0-9B93-D3371E97794B}.Release|Any CPU.ActiveCfg = Release|Any CPU
		{58BD0E02-6BFF-43F0-9B93-D3371E97794B}.Release|Any CPU.Build.0 = Release|Any CPU
		{58BD0E02-6BFF-43F0-9B93-D3371E97794B}.Release|x64.ActiveCfg = Release|Any CPU
		{58BD0E02-6BFF-43F0-9B93-D3371E97794B}.Release|x64.Build.0 = Release|Any CPU
		{58BD0E02-6BFF-43F0-9B93-D3371E97794B}.Release|x86.ActiveCfg = Release|Any CPU
		{58BD0E02-6BFF-43F0-9B93-D3371E97794B}.Release|x86.Build.0 = Release|Any CPU
		{386CFC32-9BB3-4F42-9164-4900E099E93C}.Debug|Any CPU.ActiveCfg = Debug|Any CPU
		{386CFC32-9BB3-4F42-9164-4900E099E93C}.Debug|Any CPU.Build.0 = Debug|Any CPU
		{386CFC32-9BB3-4F42-9164-4900E099E93C}.Debug|x64.ActiveCfg = Debug|Any CPU
		{386CFC32-9BB3-4F42-9164-4900E099E93C}.Debug|x64.Build.0 = Debug|Any CPU
		{386CFC32-9BB3-4F42-9164-4900E099E93C}.Debug|x86.ActiveCfg = Debug|x86
		{386CFC32-9BB3-4F42-9164-4900E099E93C}.Debug|x86.Build.0 = Debug|x86
		{386CFC32-9BB3-4F42-9164-4900E099E93C}.Release|Any CPU.ActiveCfg = Release|Any CPU
		{386CFC32-9BB3-4F42-9164-4900E099E93C}.Release|Any CPU.Build.0 = Release|Any CPU
		{386CFC32-9BB3-4F42-9164-4900E099E93C}.Release|x64.ActiveCfg = Release|Any CPU
		{386CFC32-9BB3-4F42-9164-4900E099E93C}.Release|x64.Build.0 = Release|Any CPU
		{386CFC32-9BB3-4F42-9164-4900E099E93C}.Release|x86.ActiveCfg = Release|x86
		{386CFC32-9BB3-4F42-9164-4900E099E93C}.Release|x86.Build.0 = Release|x86
		{E5F032E0-CC7A-40A0-B11D-98D1F5A67775}.Debug|Any CPU.ActiveCfg = Debug|Any CPU
		{E5F032E0-CC7A-40A0-B11D-98D1F5A67775}.Debug|Any CPU.Build.0 = Debug|Any CPU
		{E5F032E0-CC7A-40A0-B11D-98D1F5A67775}.Debug|x64.ActiveCfg = Debug|Any CPU
		{E5F032E0-CC7A-40A0-B11D-98D1F5A67775}.Debug|x64.Build.0 = Debug|Any CPU
		{E5F032E0-CC7A-40A0-B11D-98D1F5A67775}.Debug|x86.ActiveCfg = Debug|x86
		{E5F032E0-CC7A-40A0-B11D-98D1F5A67775}.Debug|x86.Build.0 = Debug|x86
		{E5F032E0-CC7A-40A0-B11D-98D1F5A67775}.Release|Any CPU.ActiveCfg = Release|Any CPU
		{E5F032E0-CC7A-40A0-B11D-98D1F5A67775}.Release|Any CPU.Build.0 = Release|Any CPU
		{E5F032E0-CC7A-40A0-B11D-98D1F5A67775}.Release|x64.ActiveCfg = Release|Any CPU
		{E5F032E0-CC7A-40A0-B11D-98D1F5A67775}.Release|x64.Build.0 = Release|Any CPU
		{E5F032E0-CC7A-40A0-B11D-98D1F5A67775}.Release|x86.ActiveCfg = Release|x86
		{E5F032E0-CC7A-40A0-B11D-98D1F5A67775}.Release|x86.Build.0 = Release|x86
	EndGlobalSection
	GlobalSection(SolutionProperties) = preSolution
		HideSolutionNode = FALSE
	EndGlobalSection
	GlobalSection(NestedProjects) = preSolution
		{87A9302D-C6A7-4507-82D5-D83A40E899E2} = {EBFA2E1E-92FF-4DF9-9212-398D1FEF617B}
		{7E4E3AC1-4FD8-407A-92A5-72ED68474C26} = {5E416F15-E4AB-485A-A644-1E370A49C740}
		{2807B493-CC2E-402E-901A-EB138698FEDC} = {7E4E3AC1-4FD8-407A-92A5-72ED68474C26}
		{9B0BA841-5A2F-4ED3-A908-253DBCA70E77} = {7E4E3AC1-4FD8-407A-92A5-72ED68474C26}
		{252126D1-E1D9-49C3-910B-FCF2266265EF} = {5E416F15-E4AB-485A-A644-1E370A49C740}
		{BE4C8126-E5C8-405E-958F-4DE9F686089B} = {EBFA2E1E-92FF-4DF9-9212-398D1FEF617B}
		{37633896-6066-49C5-B76A-0E5D5D6D1D23} = {EBFA2E1E-92FF-4DF9-9212-398D1FEF617B}
		{EF9C4AB3-61D7-4C10-A2E6-5C205764F0EC} = {EBFA2E1E-92FF-4DF9-9212-398D1FEF617B}
		{03C284DA-4C51-4E53-96FD-1004EFE15D7A} = {5E416F15-E4AB-485A-A644-1E370A49C740}
		{077C358B-9731-4C5E-9EA7-F2CD7487ACBE} = {03C284DA-4C51-4E53-96FD-1004EFE15D7A}
		{391639C4-5C43-4391-9465-27686E82C33F} = {03C284DA-4C51-4E53-96FD-1004EFE15D7A}
		{7D4BD5F8-A98E-4966-ABBD-CBE202DFBEF7} = {03C284DA-4C51-4E53-96FD-1004EFE15D7A}
		{8391F556-C4CB-4AA9-9874-BF665FB2B072} = {03C284DA-4C51-4E53-96FD-1004EFE15D7A}
		{55E6B901-4F93-4F6D-88CC-EDC92127ABD0} = {3E91F05C-AD87-4913-8EA9-76D327B72544}
		{E4AA9A89-EFA8-40A1-9FA7-5B4A03E473D4} = {55E6B901-4F93-4F6D-88CC-EDC92127ABD0}
		{C1D141F7-4962-45F3-9EDA-A7900DEED1C7} = {55E6B901-4F93-4F6D-88CC-EDC92127ABD0}
		{1DF7E22D-622D-437A-9100-2D586EBF4019} = {55E6B901-4F93-4F6D-88CC-EDC92127ABD0}
		{4BB0C891-C854-4737-9079-9EE11C9D7376} = {3E91F05C-AD87-4913-8EA9-76D327B72544}
		{35D0CA7F-FC07-4515-82F2-7DDC14B8437B} = {3E91F05C-AD87-4913-8EA9-76D327B72544}
		{B1F5CF22-F192-4DAE-BDF3-C0C604A29C88} = {03C284DA-4C51-4E53-96FD-1004EFE15D7A}
		{AF255663-9320-4EBA-92CF-D0D6AAC951C0} = {03C284DA-4C51-4E53-96FD-1004EFE15D7A}
		{DEC77495-6E48-4F66-B22B-E9BA2CA6E257} = {EBFA2E1E-92FF-4DF9-9212-398D1FEF617B}
		{6DC46B33-769C-4537-ABAE-8AA07996AEFA} = {3E91F05C-AD87-4913-8EA9-76D327B72544}
		{386CFC32-9BB3-4F42-9164-4900E099E93C} = {90161169-A91C-40AD-A19F-AD1F4E2DFCDE}
		{90161169-A91C-40AD-A19F-AD1F4E2DFCDE} = {5E416F15-E4AB-485A-A644-1E370A49C740}
		{E5F032E0-CC7A-40A0-B11D-98D1F5A67775} = {90161169-A91C-40AD-A19F-AD1F4E2DFCDE}
	EndGlobalSection
EndGlobal
