Microsoft Visual Studio Solution File, Format Version 12.00
# Visual Studio Version 16
VisualStudioVersion = 16.0.29209.152
MinimumVisualStudioVersion = 10.0.40219.1
Project("{9A19103F-16F7-4668-BE54-9A1E7A4F7556}") = "MLib", "Components\MLib\MLib.csproj", "{F64A15CF-4ADB-47D8-ADAC-97B23979769A}"
EndProject
Project("{9A19103F-16F7-4668-BE54-9A1E7A4F7556}") = "MWindowDialogLib", "Components\MWindowDialogLib\MWindowDialogLib.csproj", "{90E6E910-AB10-466E-AEF7-0AF2E0708D4E}"
EndProject
Project("{9A19103F-16F7-4668-BE54-9A1E7A4F7556}") = "MWindowLib", "Components\MWindowLib\MWindowLib.csproj", "{3505BA5A-C935-4D23-9493-C365A794966D}"
EndProject
Project("{9A19103F-16F7-4668-BE54-9A1E7A4F7556}") = "MWindowInterfacesLib", "Components\MWindowInterfacesLib\MWindowInterfacesLib.csproj", "{65806243-CD15-4404-99F6-85BCD813939D}"
EndProject
Project("{9A19103F-16F7-4668-BE54-9A1E7A4F7556}") = "BindToMLib", "Components\BindToMLib\BindToMLib.csproj", "{F7C783F4-8140-43A8-8D42-1B6C0B7A179A}"
EndProject
Project("{2150E333-8FDC-42A3-9474-1A3956D46DE8}") = "Components", "Components", "{82199202-F9BE-4B06-B5BB-5C0B9F63E287}"
EndProject
Project("{2150E333-8FDC-42A3-9474-1A3956D46DE8}") = "More_Components", "More_Components", "{BC8E03FD-4CB3-4E8C-BF71-84A8E3A1259E}"
EndProject
Project("{2150E333-8FDC-42A3-9474-1A3956D46DE8}") = "Settings", "Settings", "{7FC0F6D8-B317-4DE3-8475-145DE666CCAA}"
EndProject
Project("{2150E333-8FDC-42A3-9474-1A3956D46DE8}") = "PDF_Binder", "PDF_Binder", "{2AB6EB56-84C4-4352-AC65-5AAFD71DC6AF}"
EndProject
Project("{2150E333-8FDC-42A3-9474-1A3956D46DE8}") = "Components", "Components", "{168205B7-2BE7-4F3B-8CEA-A96835466429}"
EndProject
Project("{9A19103F-16F7-4668-BE54-9A1E7A4F7556}") = "Settings", "More_Components\Settings\Settings\Settings.csproj", "{A22B65F9-80B8-425B-B5A3-C1E2D84AEC04}"
EndProject
Project("{9A19103F-16F7-4668-BE54-9A1E7A4F7556}") = "SettingsModel", "More_Components\Settings\SettingsModel\SettingsModel.csproj", "{CCF70A3F-6FD7-4F8B-9D06-E942794CDD4D}"
EndProject
Project("{FAE04EC0-301F-11D3-BF4B-00C04F79EFBC}") = "Doc", "PDF Binder\Components\Doc\Doc.csproj", "{E4AA9A89-EFA8-40A1-9FA7-5B4A03E473D4}"
EndProject
Project("{FAE04EC0-301F-11D3-BF4B-00C04F79EFBC}") = "ExplorerLib", "PDF Binder\Components\ExplorerLib\ExplorerLib.csproj", "{C1D141F7-4962-45F3-9EDA-A7900DEED1C7}"
EndProject
Project("{FAE04EC0-301F-11D3-BF4B-00C04F79EFBC}") = "PDFBinderLib", "PDF Binder\PDFBinderLib\PDFBinderLib.csproj", "{35D0CA7F-FC07-4515-82F2-7DDC14B8437B}"
EndProject
Project("{FAE04EC0-301F-11D3-BF4B-00C04F79EFBC}") = "PDF Binder", "PDF Binder\PDF Binder\PDF Binder.csproj", "{4BB0C891-C854-4737-9079-9EE11C9D7376}"
EndProject
Project("{9A19103F-16F7-4668-BE54-9A1E7A4F7556}") = "ServiceLocator", "More_Components\ServiceLocator\ServiceLocator.csproj", "{3C9E025C-7C07-4349-BD19-3DC7E6418538}"
EndProject
Project("{FAE04EC0-301F-11D3-BF4B-00C04F79EFBC}") = "MDemo", "MDemo\MDemo.csproj", "{832C71B0-D1F5-4038-9D88-B8C788EA8EAF}"
EndProject
Global
	GlobalSection(SolutionConfigurationPlatforms) = preSolution
		Debug|Any CPU = Debug|Any CPU
		Debug|x64 = Debug|x64
		Debug|x86 = Debug|x86
		Release|Any CPU = Release|Any CPU
		Release|x64 = Release|x64
		Release|x86 = Release|x86
	EndGlobalSection
	GlobalSection(ProjectConfigurationPlatforms) = postSolution
		{F64A15CF-4ADB-47D8-ADAC-97B23979769A}.Debug|Any CPU.ActiveCfg = Debug|Any CPU
		{F64A15CF-4ADB-47D8-ADAC-97B23979769A}.Debug|Any CPU.Build.0 = Debug|Any CPU
		{F64A15CF-4ADB-47D8-ADAC-97B23979769A}.Debug|x64.ActiveCfg = Debug|Any CPU
		{F64A15CF-4ADB-47D8-ADAC-97B23979769A}.Debug|x64.Build.0 = Debug|Any CPU
		{F64A15CF-4ADB-47D8-ADAC-97B23979769A}.Debug|x86.ActiveCfg = Debug|Any CPU
		{F64A15CF-4ADB-47D8-ADAC-97B23979769A}.Debug|x86.Build.0 = Debug|Any CPU
		{F64A15CF-4ADB-47D8-ADAC-97B23979769A}.Release|Any CPU.ActiveCfg = Release|Any CPU
		{F64A15CF-4ADB-47D8-ADAC-97B23979769A}.Release|Any CPU.Build.0 = Release|Any CPU
		{F64A15CF-4ADB-47D8-ADAC-97B23979769A}.Release|x64.ActiveCfg = Release|Any CPU
		{F64A15CF-4ADB-47D8-ADAC-97B23979769A}.Release|x64.Build.0 = Release|Any CPU
		{F64A15CF-4ADB-47D8-ADAC-97B23979769A}.Release|x86.ActiveCfg = Release|Any CPU
		{F64A15CF-4ADB-47D8-ADAC-97B23979769A}.Release|x86.Build.0 = Release|Any CPU
		{90E6E910-AB10-466E-AEF7-0AF2E0708D4E}.Debug|Any CPU.ActiveCfg = Debug|Any CPU
		{90E6E910-AB10-466E-AEF7-0AF2E0708D4E}.Debug|Any CPU.Build.0 = Debug|Any CPU
		{90E6E910-AB10-466E-AEF7-0AF2E0708D4E}.Debug|x64.ActiveCfg = Debug|Any CPU
		{90E6E910-AB10-466E-AEF7-0AF2E0708D4E}.Debug|x64.Build.0 = Debug|Any CPU
		{90E6E910-AB10-466E-AEF7-0AF2E0708D4E}.Debug|x86.ActiveCfg = Debug|Any CPU
		{90E6E910-AB10-466E-AEF7-0AF2E0708D4E}.Debug|x86.Build.0 = Debug|Any CPU
		{90E6E910-AB10-466E-AEF7-0AF2E0708D4E}.Release|Any CPU.ActiveCfg = Release|Any CPU
		{90E6E910-AB10-466E-AEF7-0AF2E0708D4E}.Release|Any CPU.Build.0 = Release|Any CPU
		{90E6E910-AB10-466E-AEF7-0AF2E0708D4E}.Release|x64.ActiveCfg = Release|Any CPU
		{90E6E910-AB10-466E-AEF7-0AF2E0708D4E}.Release|x64.Build.0 = Release|Any CPU
		{90E6E910-AB10-466E-AEF7-0AF2E0708D4E}.Release|x86.ActiveCfg = Release|Any CPU
		{90E6E910-AB10-466E-AEF7-0AF2E0708D4E}.Release|x86.Build.0 = Release|Any CPU
		{3505BA5A-C935-4D23-9493-C365A794966D}.Debug|Any CPU.ActiveCfg = Debug|Any CPU
		{3505BA5A-C935-4D23-9493-C365A794966D}.Debug|Any CPU.Build.0 = Debug|Any CPU
		{3505BA5A-C935-4D23-9493-C365A794966D}.Debug|x64.ActiveCfg = Debug|Any CPU
		{3505BA5A-C935-4D23-9493-C365A794966D}.Debug|x64.Build.0 = Debug|Any CPU
		{3505BA5A-C935-4D23-9493-C365A794966D}.Debug|x86.ActiveCfg = Debug|Any CPU
		{3505BA5A-C935-4D23-9493-C365A794966D}.Debug|x86.Build.0 = Debug|Any CPU
		{3505BA5A-C935-4D23-9493-C365A794966D}.Release|Any CPU.ActiveCfg = Release|Any CPU
		{3505BA5A-C935-4D23-9493-C365A794966D}.Release|Any CPU.Build.0 = Release|Any CPU
		{3505BA5A-C935-4D23-9493-C365A794966D}.Release|x64.ActiveCfg = Release|Any CPU
		{3505BA5A-C935-4D23-9493-C365A794966D}.Release|x64.Build.0 = Release|Any CPU
		{3505BA5A-C935-4D23-9493-C365A794966D}.Release|x86.ActiveCfg = Release|Any CPU
		{3505BA5A-C935-4D23-9493-C365A794966D}.Release|x86.Build.0 = Release|Any CPU
		{65806243-CD15-4404-99F6-85BCD813939D}.Debug|Any CPU.ActiveCfg = Debug|Any CPU
		{65806243-CD15-4404-99F6-85BCD813939D}.Debug|Any CPU.Build.0 = Debug|Any CPU
		{65806243-CD15-4404-99F6-85BCD813939D}.Debug|x64.ActiveCfg = Debug|Any CPU
		{65806243-CD15-4404-99F6-85BCD813939D}.Debug|x64.Build.0 = Debug|Any CPU
		{65806243-CD15-4404-99F6-85BCD813939D}.Debug|x86.ActiveCfg = Debug|Any CPU
		{65806243-CD15-4404-99F6-85BCD813939D}.Debug|x86.Build.0 = Debug|Any CPU
		{65806243-CD15-4404-99F6-85BCD813939D}.Release|Any CPU.ActiveCfg = Release|Any CPU
		{65806243-CD15-4404-99F6-85BCD813939D}.Release|Any CPU.Build.0 = Release|Any CPU
		{65806243-CD15-4404-99F6-85BCD813939D}.Release|x64.ActiveCfg = Release|Any CPU
		{65806243-CD15-4404-99F6-85BCD813939D}.Release|x64.Build.0 = Release|Any CPU
		{65806243-CD15-4404-99F6-85BCD813939D}.Release|x86.ActiveCfg = Release|Any CPU
		{65806243-CD15-4404-99F6-85BCD813939D}.Release|x86.Build.0 = Release|Any CPU
		{F7C783F4-8140-43A8-8D42-1B6C0B7A179A}.Debug|Any CPU.ActiveCfg = Debug|Any CPU
		{F7C783F4-8140-43A8-8D42-1B6C0B7A179A}.Debug|Any CPU.Build.0 = Debug|Any CPU
		{F7C783F4-8140-43A8-8D42-1B6C0B7A179A}.Debug|x64.ActiveCfg = Debug|Any CPU
		{F7C783F4-8140-43A8-8D42-1B6C0B7A179A}.Debug|x64.Build.0 = Debug|Any CPU
		{F7C783F4-8140-43A8-8D42-1B6C0B7A179A}.Debug|x86.ActiveCfg = Debug|Any CPU
		{F7C783F4-8140-43A8-8D42-1B6C0B7A179A}.Debug|x86.Build.0 = Debug|Any CPU
		{F7C783F4-8140-43A8-8D42-1B6C0B7A179A}.Release|Any CPU.ActiveCfg = Release|Any CPU
		{F7C783F4-8140-43A8-8D42-1B6C0B7A179A}.Release|Any CPU.Build.0 = Release|Any CPU
		{F7C783F4-8140-43A8-8D42-1B6C0B7A179A}.Release|x64.ActiveCfg = Release|Any CPU
		{F7C783F4-8140-43A8-8D42-1B6C0B7A179A}.Release|x64.Build.0 = Release|Any CPU
		{F7C783F4-8140-43A8-8D42-1B6C0B7A179A}.Release|x86.ActiveCfg = Release|Any CPU
		{F7C783F4-8140-43A8-8D42-1B6C0B7A179A}.Release|x86.Build.0 = Release|Any CPU
		{A22B65F9-80B8-425B-B5A3-C1E2D84AEC04}.Debug|Any CPU.ActiveCfg = Debug|Any CPU
		{A22B65F9-80B8-425B-B5A3-C1E2D84AEC04}.Debug|Any CPU.Build.0 = Debug|Any CPU
		{A22B65F9-80B8-425B-B5A3-C1E2D84AEC04}.Debug|x64.ActiveCfg = Debug|Any CPU
		{A22B65F9-80B8-425B-B5A3-C1E2D84AEC04}.Debug|x64.Build.0 = Debug|Any CPU
		{A22B65F9-80B8-425B-B5A3-C1E2D84AEC04}.Debug|x86.ActiveCfg = Debug|Any CPU
		{A22B65F9-80B8-425B-B5A3-C1E2D84AEC04}.Debug|x86.Build.0 = Debug|Any CPU
		{A22B65F9-80B8-425B-B5A3-C1E2D84AEC04}.Release|Any CPU.ActiveCfg = Release|Any CPU
		{A22B65F9-80B8-425B-B5A3-C1E2D84AEC04}.Release|Any CPU.Build.0 = Release|Any CPU
		{A22B65F9-80B8-425B-B5A3-C1E2D84AEC04}.Release|x64.ActiveCfg = Release|Any CPU
		{A22B65F9-80B8-425B-B5A3-C1E2D84AEC04}.Release|x64.Build.0 = Release|Any CPU
		{A22B65F9-80B8-425B-B5A3-C1E2D84AEC04}.Release|x86.ActiveCfg = Release|Any CPU
		{A22B65F9-80B8-425B-B5A3-C1E2D84AEC04}.Release|x86.Build.0 = Release|Any CPU
		{CCF70A3F-6FD7-4F8B-9D06-E942794CDD4D}.Debug|Any CPU.ActiveCfg = Debug|Any CPU
		{CCF70A3F-6FD7-4F8B-9D06-E942794CDD4D}.Debug|Any CPU.Build.0 = Debug|Any CPU
		{CCF70A3F-6FD7-4F8B-9D06-E942794CDD4D}.Debug|x64.ActiveCfg = Debug|Any CPU
		{CCF70A3F-6FD7-4F8B-9D06-E942794CDD4D}.Debug|x64.Build.0 = Debug|Any CPU
		{CCF70A3F-6FD7-4F8B-9D06-E942794CDD4D}.Debug|x86.ActiveCfg = Debug|Any CPU
		{CCF70A3F-6FD7-4F8B-9D06-E942794CDD4D}.Debug|x86.Build.0 = Debug|Any CPU
		{CCF70A3F-6FD7-4F8B-9D06-E942794CDD4D}.Release|Any CPU.ActiveCfg = Release|Any CPU
		{CCF70A3F-6FD7-4F8B-9D06-E942794CDD4D}.Release|Any CPU.Build.0 = Release|Any CPU
		{CCF70A3F-6FD7-4F8B-9D06-E942794CDD4D}.Release|x64.ActiveCfg = Release|Any CPU
		{CCF70A3F-6FD7-4F8B-9D06-E942794CDD4D}.Release|x64.Build.0 = Release|Any CPU
		{CCF70A3F-6FD7-4F8B-9D06-E942794CDD4D}.Release|x86.ActiveCfg = Release|Any CPU
		{CCF70A3F-6FD7-4F8B-9D06-E942794CDD4D}.Release|x86.Build.0 = Release|Any CPU
		{E4AA9A89-EFA8-40A1-9FA7-5B4A03E473D4}.Debug|Any CPU.ActiveCfg = Debug|Any CPU
		{E4AA9A89-EFA8-40A1-9FA7-5B4A03E473D4}.Debug|Any CPU.Build.0 = Debug|Any CPU
		{E4AA9A89-EFA8-40A1-9FA7-5B4A03E473D4}.Debug|x64.ActiveCfg = Debug|x64
		{E4AA9A89-EFA8-40A1-9FA7-5B4A03E473D4}.Debug|x64.Build.0 = Debug|x64
		{E4AA9A89-EFA8-40A1-9FA7-5B4A03E473D4}.Debug|x86.ActiveCfg = Debug|x86
		{E4AA9A89-EFA8-40A1-9FA7-5B4A03E473D4}.Debug|x86.Build.0 = Debug|x86
		{E4AA9A89-EFA8-40A1-9FA7-5B4A03E473D4}.Release|Any CPU.ActiveCfg = Release|Any CPU
		{E4AA9A89-EFA8-40A1-9FA7-5B4A03E473D4}.Release|Any CPU.Build.0 = Release|Any CPU
		{E4AA9A89-EFA8-40A1-9FA7-5B4A03E473D4}.Release|x64.ActiveCfg = Release|x64
		{E4AA9A89-EFA8-40A1-9FA7-5B4A03E473D4}.Release|x64.Build.0 = Release|x64
		{E4AA9A89-EFA8-40A1-9FA7-5B4A03E473D4}.Release|x86.ActiveCfg = Release|x86
		{E4AA9A89-EFA8-40A1-9FA7-5B4A03E473D4}.Release|x86.Build.0 = Release|x86
		{C1D141F7-4962-45F3-9EDA-A7900DEED1C7}.Debug|Any CPU.ActiveCfg = Debug|Any CPU
		{C1D141F7-4962-45F3-9EDA-A7900DEED1C7}.Debug|Any CPU.Build.0 = Debug|Any CPU
		{C1D141F7-4962-45F3-9EDA-A7900DEED1C7}.Debug|x64.ActiveCfg = Debug|x64
		{C1D141F7-4962-45F3-9EDA-A7900DEED1C7}.Debug|x64.Build.0 = Debug|x64
		{C1D141F7-4962-45F3-9EDA-A7900DEED1C7}.Debug|x86.ActiveCfg = Debug|x86
		{C1D141F7-4962-45F3-9EDA-A7900DEED1C7}.Debug|x86.Build.0 = Debug|x86
		{C1D141F7-4962-45F3-9EDA-A7900DEED1C7}.Release|Any CPU.ActiveCfg = Release|Any CPU
		{C1D141F7-4962-45F3-9EDA-A7900DEED1C7}.Release|Any CPU.Build.0 = Release|Any CPU
		{C1D141F7-4962-45F3-9EDA-A7900DEED1C7}.Release|x64.ActiveCfg = Release|x64
		{C1D141F7-4962-45F3-9EDA-A7900DEED1C7}.Release|x64.Build.0 = Release|x64
		{C1D141F7-4962-45F3-9EDA-A7900DEED1C7}.Release|x86.ActiveCfg = Release|x86
		{C1D141F7-4962-45F3-9EDA-A7900DEED1C7}.Release|x86.Build.0 = Release|x86
		{35D0CA7F-FC07-4515-82F2-7DDC14B8437B}.Debug|Any CPU.ActiveCfg = Debug|Any CPU
		{35D0CA7F-FC07-4515-82F2-7DDC14B8437B}.Debug|Any CPU.Build.0 = Debug|Any CPU
		{35D0CA7F-FC07-4515-82F2-7DDC14B8437B}.Debug|x64.ActiveCfg = Debug|x64
		{35D0CA7F-FC07-4515-82F2-7DDC14B8437B}.Debug|x64.Build.0 = Debug|x64
		{35D0CA7F-FC07-4515-82F2-7DDC14B8437B}.Debug|x86.ActiveCfg = Debug|x86
		{35D0CA7F-FC07-4515-82F2-7DDC14B8437B}.Debug|x86.Build.0 = Debug|x86
		{35D0CA7F-FC07-4515-82F2-7DDC14B8437B}.Release|Any CPU.ActiveCfg = Release|Any CPU
		{35D0CA7F-FC07-4515-82F2-7DDC14B8437B}.Release|Any CPU.Build.0 = Release|Any CPU
		{35D0CA7F-FC07-4515-82F2-7DDC14B8437B}.Release|x64.ActiveCfg = Release|x64
		{35D0CA7F-FC07-4515-82F2-7DDC14B8437B}.Release|x64.Build.0 = Release|x64
		{35D0CA7F-FC07-4515-82F2-7DDC14B8437B}.Release|x86.ActiveCfg = Release|x86
		{35D0CA7F-FC07-4515-82F2-7DDC14B8437B}.Release|x86.Build.0 = Release|x86
		{4BB0C891-C854-4737-9079-9EE11C9D7376}.Debug|Any CPU.ActiveCfg = Debug|Any CPU
		{4BB0C891-C854-4737-9079-9EE11C9D7376}.Debug|Any CPU.Build.0 = Debug|Any CPU
		{4BB0C891-C854-4737-9079-9EE11C9D7376}.Debug|x64.ActiveCfg = Debug|x64
		{4BB0C891-C854-4737-9079-9EE11C9D7376}.Debug|x64.Build.0 = Debug|x64
		{4BB0C891-C854-4737-9079-9EE11C9D7376}.Debug|x86.ActiveCfg = Debug|x86
		{4BB0C891-C854-4737-9079-9EE11C9D7376}.Debug|x86.Build.0 = Debug|x86
		{4BB0C891-C854-4737-9079-9EE11C9D7376}.Release|Any CPU.ActiveCfg = Release|Any CPU
		{4BB0C891-C854-4737-9079-9EE11C9D7376}.Release|Any CPU.Build.0 = Release|Any CPU
		{4BB0C891-C854-4737-9079-9EE11C9D7376}.Release|x64.ActiveCfg = Release|x64
		{4BB0C891-C854-4737-9079-9EE11C9D7376}.Release|x64.Build.0 = Release|x64
		{4BB0C891-C854-4737-9079-9EE11C9D7376}.Release|x86.ActiveCfg = Release|x86
		{4BB0C891-C854-4737-9079-9EE11C9D7376}.Release|x86.Build.0 = Release|x86
		{3C9E025C-7C07-4349-BD19-3DC7E6418538}.Debug|Any CPU.ActiveCfg = Debug|Any CPU
		{3C9E025C-7C07-4349-BD19-3DC7E6418538}.Debug|Any CPU.Build.0 = Debug|Any CPU
		{3C9E025C-7C07-4349-BD19-3DC7E6418538}.Debug|x64.ActiveCfg = Debug|Any CPU
		{3C9E025C-7C07-4349-BD19-3DC7E6418538}.Debug|x64.Build.0 = Debug|Any CPU
		{3C9E025C-7C07-4349-BD19-3DC7E6418538}.Debug|x86.ActiveCfg = Debug|Any CPU
		{3C9E025C-7C07-4349-BD19-3DC7E6418538}.Debug|x86.Build.0 = Debug|Any CPU
		{3C9E025C-7C07-4349-BD19-3DC7E6418538}.Release|Any CPU.ActiveCfg = Release|Any CPU
		{3C9E025C-7C07-4349-BD19-3DC7E6418538}.Release|Any CPU.Build.0 = Release|Any CPU
		{3C9E025C-7C07-4349-BD19-3DC7E6418538}.Release|x64.ActiveCfg = Release|Any CPU
		{3C9E025C-7C07-4349-BD19-3DC7E6418538}.Release|x64.Build.0 = Release|Any CPU
		{3C9E025C-7C07-4349-BD19-3DC7E6418538}.Release|x86.ActiveCfg = Release|Any CPU
		{3C9E025C-7C07-4349-BD19-3DC7E6418538}.Release|x86.Build.0 = Release|Any CPU
		{832C71B0-D1F5-4038-9D88-B8C788EA8EAF}.Debug|Any CPU.ActiveCfg = Debug|Any CPU
		{832C71B0-D1F5-4038-9D88-B8C788EA8EAF}.Debug|Any CPU.Build.0 = Debug|Any CPU
		{832C71B0-D1F5-4038-9D88-B8C788EA8EAF}.Debug|x64.ActiveCfg = Debug|Any CPU
		{832C71B0-D1F5-4038-9D88-B8C788EA8EAF}.Debug|x64.Build.0 = Debug|Any CPU
		{832C71B0-D1F5-4038-9D88-B8C788EA8EAF}.Debug|x86.ActiveCfg = Debug|Any CPU
		{832C71B0-D1F5-4038-9D88-B8C788EA8EAF}.Debug|x86.Build.0 = Debug|Any CPU
		{832C71B0-D1F5-4038-9D88-B8C788EA8EAF}.Release|Any CPU.ActiveCfg = Release|Any CPU
		{832C71B0-D1F5-4038-9D88-B8C788EA8EAF}.Release|Any CPU.Build.0 = Release|Any CPU
		{832C71B0-D1F5-4038-9D88-B8C788EA8EAF}.Release|x64.ActiveCfg = Release|Any CPU
		{832C71B0-D1F5-4038-9D88-B8C788EA8EAF}.Release|x64.Build.0 = Release|Any CPU
		{832C71B0-D1F5-4038-9D88-B8C788EA8EAF}.Release|x86.ActiveCfg = Release|Any CPU
		{832C71B0-D1F5-4038-9D88-B8C788EA8EAF}.Release|x86.Build.0 = Release|Any CPU
	EndGlobalSection
	GlobalSection(SolutionProperties) = preSolution
		HideSolutionNode = FALSE
	EndGlobalSection
	GlobalSection(NestedProjects) = preSolution
		{F64A15CF-4ADB-47D8-ADAC-97B23979769A} = {82199202-F9BE-4B06-B5BB-5C0B9F63E287}
		{90E6E910-AB10-466E-AEF7-0AF2E0708D4E} = {82199202-F9BE-4B06-B5BB-5C0B9F63E287}
		{3505BA5A-C935-4D23-9493-C365A794966D} = {82199202-F9BE-4B06-B5BB-5C0B9F63E287}
		{65806243-CD15-4404-99F6-85BCD813939D} = {82199202-F9BE-4B06-B5BB-5C0B9F63E287}
		{F7C783F4-8140-43A8-8D42-1B6C0B7A179A} = {82199202-F9BE-4B06-B5BB-5C0B9F63E287}
		{7FC0F6D8-B317-4DE3-8475-145DE666CCAA} = {BC8E03FD-4CB3-4E8C-BF71-84A8E3A1259E}
		{168205B7-2BE7-4F3B-8CEA-A96835466429} = {2AB6EB56-84C4-4352-AC65-5AAFD71DC6AF}
		{A22B65F9-80B8-425B-B5A3-C1E2D84AEC04} = {7FC0F6D8-B317-4DE3-8475-145DE666CCAA}
		{CCF70A3F-6FD7-4F8B-9D06-E942794CDD4D} = {7FC0F6D8-B317-4DE3-8475-145DE666CCAA}
		{E4AA9A89-EFA8-40A1-9FA7-5B4A03E473D4} = {168205B7-2BE7-4F3B-8CEA-A96835466429}
		{C1D141F7-4962-45F3-9EDA-A7900DEED1C7} = {168205B7-2BE7-4F3B-8CEA-A96835466429}
		{35D0CA7F-FC07-4515-82F2-7DDC14B8437B} = {2AB6EB56-84C4-4352-AC65-5AAFD71DC6AF}
		{4BB0C891-C854-4737-9079-9EE11C9D7376} = {2AB6EB56-84C4-4352-AC65-5AAFD71DC6AF}
		{3C9E025C-7C07-4349-BD19-3DC7E6418538} = {BC8E03FD-4CB3-4E8C-BF71-84A8E3A1259E}
	EndGlobalSection
	GlobalSection(ExtensibilityGlobals) = postSolution
		SolutionGuid = {D4225006-D006-461D-B310-883B78A7BCEA}
	EndGlobalSection
EndGlobal
