Microsoft Visual Studio Solution File, Format Version 12.00
# Visual Studio Version 16
VisualStudioVersion = 16.0.29209.152
MinimumVisualStudioVersion = 10.0.40219.1
Project("{9A19103F-16F7-4668-BE54-9A1E7A4F7556}") = "MLib", "Components\MLib\MLib.csproj", "{F64A15CF-4ADB-47D8-ADAC-97B23979769A}"
EndProject
Project("{9A19103F-16F7-4668-BE54-9A1E7A4F7556}") = "MWindowDialogLib", "Components\MWindowDialogLib\MWindowDialogLib.csproj", "{90E6E910-AB10-466E-AEF7-0AF2E0708D4E}"
EndProject
Project("{9A19103F-16F7-4668-BE54-9A1E7A4F7556}") = "MWindowLib", "Components\MWindowLib\MWindowLib.csproj", "{3505BA5A-C935-4D23-9493-C365A794966D}"
EndProject
Project("{9A19103F-16F7-4668-BE54-9A1E7A4F7556}") = "MWindowInterfacesLib", "Components\MWindowInterfacesLib\MWindowInterfacesLib.csproj", "{65806243-CD15-4404-99F6-85BCD813939D}"
EndProject
Project("{2150E333-8FDC-42A3-9474-1A3956D46DE8}") = "Components", "Components", "{82199202-F9BE-4B06-B5BB-5C0B9F63E287}"
EndProject
Project("{2150E333-8FDC-42A3-9474-1A3956D46DE8}") = "More_Components", "More_Components", "{BC8E03FD-4CB3-4E8C-BF71-84A8E3A1259E}"
EndProject
Project("{2150E333-8FDC-42A3-9474-1A3956D46DE8}") = "Settings", "Settings", "{7FC0F6D8-B317-4DE3-8475-145DE666CCAA}"
EndProject
Project("{2150E333-8FDC-42A3-9474-1A3956D46DE8}") = "PDF_Binder", "PDF_Binder", "{2AB6EB56-84C4-4352-AC65-5AAFD71DC6AF}"
EndProject
Project("{2150E333-8FDC-42A3-9474-1A3956D46DE8}") = "Components", "Components", "{168205B7-2BE7-4F3B-8CEA-A96835466429}"
EndProject
Project("{FAE04EC0-301F-11D3-BF4B-00C04F79EFBC}") = "Settings", "More_Components\Settings\Settings\Settings.csproj", "{2807B493-CC2E-402E-901A-EB138698FEDC}"
EndProject
Project("{FAE04EC0-301F-11D3-BF4B-00C04F79EFBC}") = "SettingsModel", "More_Components\Settings\SettingsModel\SettingsModel.csproj", "{9B0BA841-5A2F-4ED3-A908-253DBCA70E77}"
EndProject
Project("{FAE04EC0-301F-11D3-BF4B-00C04F79EFBC}") = "ServiceLocator", "More_Components\ServiceLocator\ServiceLocator.csproj", "{252126D1-E1D9-49C3-910B-FCF2266265EF}"
EndProject
Project("{FAE04EC0-301F-11D3-BF4B-00C04F79EFBC}") = "Doc", "PDF Binder\Components\Doc\Doc.csproj", "{E4AA9A89-EFA8-40A1-9FA7-5B4A03E473D4}"
EndProject
Project("{FAE04EC0-301F-11D3-BF4B-00C04F79EFBC}") = "ExplorerLib", "PDF Binder\Components\ExplorerLib\ExplorerLib.csproj", "{C1D141F7-4962-45F3-9EDA-A7900DEED1C7}"
EndProject
Project("{FAE04EC0-301F-11D3-BF4B-00C04F79EFBC}") = "PDFBinderLib", "PDF Binder\PDFBinderLib\PDFBinderLib.csproj", "{35D0CA7F-FC07-4515-82F2-7DDC14B8437B}"
EndProject
Project("{FAE04EC0-301F-11D3-BF4B-00C04F79EFBC}") = "PDF Binder", "PDF Binder\PDF Binder\PDF Binder.csproj", "{4BB0C891-C854-4737-9079-9EE11C9D7376}"
EndProject
Project("{FAE04EC0-301F-11D3-BF4B-00C04F79EFBC}") = "MDemo", "MDemo\MDemo.csproj", "{84D31F14-D7A8-4C89-A9BB-22BC778929A2}"
EndProject
Project("{FAE04EC0-301F-11D3-BF4B-00C04F79EFBC}") = "BindToMLib", "Components\BindToMLib\BindToMLib.csproj", "{DEC77495-6E48-4F66-B22B-E9BA2CA6E257}"
EndProject
Global
	GlobalSection(SolutionConfigurationPlatforms) = preSolution
		Debug|Any CPU = Debug|Any CPU
		Debug|x64 = Debug|x64
		Debug|x86 = Debug|x86
		Release|Any CPU = Release|Any CPU
		Release|x64 = Release|x64
		Release|x86 = Release|x86
	EndGlobalSection
	GlobalSection(ProjectConfigurationPlatforms) = postSolution
		{F64A15CF-4ADB-47D8-ADAC-97B23979769A}.Debug|Any CPU.ActiveCfg = Debug|Any CPU
		{F64A15CF-4ADB-47D8-ADAC-97B23979769A}.Debug|Any CPU.Build.0 = Debug|Any CPU
		{F64A15CF-4ADB-47D8-ADAC-97B23979769A}.Debug|x64.ActiveCfg = Debug|Any CPU
		{F64A15CF-4ADB-47D8-ADAC-97B23979769A}.Debug|x64.Build.0 = Debug|Any CPU
		{F64A15CF-4ADB-47D8-ADAC-97B23979769A}.Debug|x86.ActiveCfg = Debug|Any CPU
		{F64A15CF-4ADB-47D8-ADAC-97B23979769A}.Debug|x86.Build.0 = Debug|Any CPU
		{F64A15CF-4ADB-47D8-ADAC-97B23979769A}.Release|Any CPU.ActiveCfg = Release|Any CPU
		{F64A15CF-4ADB-47D8-ADAC-97B23979769A}.Release|Any CPU.Build.0 = Release|Any CPU
		{F64A15CF-4ADB-47D8-ADAC-97B23979769A}.Release|x64.ActiveCfg = Release|Any CPU
		{F64A15CF-4ADB-47D8-ADAC-97B23979769A}.Release|x64.Build.0 = Release|Any CPU
		{F64A15CF-4ADB-47D8-ADAC-97B23979769A}.Release|x86.ActiveCfg = Release|Any CPU
		{F64A15CF-4ADB-47D8-ADAC-97B23979769A}.Release|x86.Build.0 = Release|Any CPU
		{90E6E910-AB10-466E-AEF7-0AF2E0708D4E}.Debug|Any CPU.ActiveCfg = Debug|Any CPU
		{90E6E910-AB10-466E-AEF7-0AF2E0708D4E}.Debug|Any CPU.Build.0 = Debug|Any CPU
		{90E6E910-AB10-466E-AEF7-0AF2E0708D4E}.Debug|x64.ActiveCfg = Debug|Any CPU
		{90E6E910-AB10-466E-AEF7-0AF2E0708D4E}.Debug|x64.Build.0 = Debug|Any CPU
		{90E6E910-AB10-466E-AEF7-0AF2E0708D4E}.Debug|x86.ActiveCfg = Debug|Any CPU
		{90E6E910-AB10-466E-AEF7-0AF2E0708D4E}.Debug|x86.Build.0 = Debug|Any CPU
		{90E6E910-AB10-466E-AEF7-0AF2E0708D4E}.Release|Any CPU.ActiveCfg = Release|Any CPU
		{90E6E910-AB10-466E-AEF7-0AF2E0708D4E}.Release|Any CPU.Build.0 = Release|Any CPU
		{90E6E910-AB10-466E-AEF7-0AF2E0708D4E}.Release|x64.ActiveCfg = Release|Any CPU
		{90E6E910-AB10-466E-AEF7-0AF2E0708D4E}.Release|x64.Build.0 = Release|Any CPU
		{90E6E910-AB10-466E-AEF7-0AF2E0708D4E}.Release|x86.ActiveCfg = Release|Any CPU
		{90E6E910-AB10-466E-AEF7-0AF2E0708D4E}.Release|x86.Build.0 = Release|Any CPU
		{3505BA5A-C935-4D23-9493-C365A794966D}.Debug|Any CPU.ActiveCfg = Debug|Any CPU
		{3505BA5A-C935-4D23-9493-C365A794966D}.Debug|Any CPU.Build.0 = Debug|Any CPU
		{3505BA5A-C935-4D23-9493-C365A794966D}.Debug|x64.ActiveCfg = Debug|Any CPU
		{3505BA5A-C935-4D23-9493-C365A794966D}.Debug|x64.Build.0 = Debug|Any CPU
		{3505BA5A-C935-4D23-9493-C365A794966D}.Debug|x86.ActiveCfg = Debug|Any CPU
		{3505BA5A-C935-4D23-9493-C365A794966D}.Debug|x86.Build.0 = Debug|Any CPU
		{3505BA5A-C935-4D23-9493-C365A794966D}.Release|Any CPU.ActiveCfg = Release|Any CPU
		{3505BA5A-C935-4D23-9493-C365A794966D}.Release|Any CPU.Build.0 = Release|Any CPU
		{3505BA5A-C935-4D23-9493-C365A794966D}.Release|x64.ActiveCfg = Release|Any CPU
		{3505BA5A-C935-4D23-9493-C365A794966D}.Release|x64.Build.0 = Release|Any CPU
		{3505BA5A-C935-4D23-9493-C365A794966D}.Release|x86.ActiveCfg = Release|Any CPU
		{3505BA5A-C935-4D23-9493-C365A794966D}.Release|x86.Build.0 = Release|Any CPU
		{65806243-CD15-4404-99F6-85BCD813939D}.Debug|Any CPU.ActiveCfg = Debug|Any CPU
		{65806243-CD15-4404-99F6-85BCD813939D}.Debug|Any CPU.Build.0 = Debug|Any CPU
		{65806243-CD15-4404-99F6-85BCD813939D}.Debug|x64.ActiveCfg = Debug|Any CPU
		{65806243-CD15-4404-99F6-85BCD813939D}.Debug|x64.Build.0 = Debug|Any CPU
		{65806243-CD15-4404-99F6-85BCD813939D}.Debug|x86.ActiveCfg = Debug|Any CPU
		{65806243-CD15-4404-99F6-85BCD813939D}.Debug|x86.Build.0 = Debug|Any CPU
		{65806243-CD15-4404-99F6-85BCD813939D}.Release|Any CPU.ActiveCfg = Release|Any CPU
		{65806243-CD15-4404-99F6-85BCD813939D}.Release|Any CPU.Build.0 = Release|Any CPU
		{65806243-CD15-4404-99F6-85BCD813939D}.Release|x64.ActiveCfg = Release|Any CPU
		{65806243-CD15-4404-99F6-85BCD813939D}.Release|x64.Build.0 = Release|Any CPU
		{65806243-CD15-4404-99F6-85BCD813939D}.Release|x86.ActiveCfg = Release|Any CPU
		{65806243-CD15-4404-99F6-85BCD813939D}.Release|x86.Build.0 = Release|Any CPU
		{2807B493-CC2E-402E-901A-EB138698FEDC}.Debug|Any CPU.ActiveCfg = Debug|Any CPU
		{2807B493-CC2E-402E-901A-EB138698FEDC}.Debug|Any CPU.Build.0 = Debug|Any CPU
		{2807B493-CC2E-402E-901A-EB138698FEDC}.Debug|x64.ActiveCfg = Debug|x64
		{2807B493-CC2E-402E-901A-EB138698FEDC}.Debug|x64.Build.0 = Debug|x64
		{2807B493-CC2E-402E-901A-EB138698FEDC}.Debug|x86.ActiveCfg = Debug|x86
		{2807B493-CC2E-402E-901A-EB138698FEDC}.Debug|x86.Build.0 = Debug|x86
		{2807B493-CC2E-402E-901A-EB138698FEDC}.Release|Any CPU.ActiveCfg = Release|Any CPU
		{2807B493-CC2E-402E-901A-EB138698FEDC}.Release|Any CPU.Build.0 = Release|Any CPU
		{2807B493-CC2E-402E-901A-EB138698FEDC}.Release|x64.ActiveCfg = Release|x64
		{2807B493-CC2E-402E-901A-EB138698FEDC}.Release|x64.Build.0 = Release|x64
		{2807B493-CC2E-402E-901A-EB138698FEDC}.Release|x86.ActiveCfg = Release|x86
		{2807B493-CC2E-402E-901A-EB138698FEDC}.Release|x86.Build.0 = Release|x86
		{9B0BA841-5A2F-4ED3-A908-253DBCA70E77}.Debug|Any CPU.ActiveCfg = Debug|Any CPU
		{9B0BA841-5A2F-4ED3-A908-253DBCA70E77}.Debug|Any CPU.Build.0 = Debug|Any CPU
		{9B0BA841-5A2F-4ED3-A908-253DBCA70E77}.Debug|x64.ActiveCfg = Debug|x64
		{9B0BA841-5A2F-4ED3-A908-253DBCA70E77}.Debug|x64.Build.0 = Debug|x64
		{9B0BA841-5A2F-4ED3-A908-253DBCA70E77}.Debug|x86.ActiveCfg = Debug|x86
		{9B0BA841-5A2F-4ED3-A908-253DBCA70E77}.Debug|x86.Build.0 = Debug|x86
		{9B0BA841-5A2F-4ED3-A908-253DBCA70E77}.Release|Any CPU.ActiveCfg = Release|Any CPU
		{9B0BA841-5A2F-4ED3-A908-253DBCA70E77}.Release|Any CPU.Build.0 = Release|Any CPU
		{9B0BA841-5A2F-4ED3-A908-253DBCA70E77}.Release|x64.ActiveCfg = Release|x64
		{9B0BA841-5A2F-4ED3-A908-253DBCA70E77}.Release|x64.Build.0 = Release|x64
		{9B0BA841-5A2F-4ED3-A908-253DBCA70E77}.Release|x86.ActiveCfg = Release|x86
		{9B0BA841-5A2F-4ED3-A908-253DBCA70E77}.Release|x86.Build.0 = Release|x86
		{252126D1-E1D9-49C3-910B-FCF2266265EF}.Debug|Any CPU.ActiveCfg = Debug|Any CPU
		{252126D1-E1D9-49C3-910B-FCF2266265EF}.Debug|Any CPU.Build.0 = Debug|Any CPU
		{252126D1-E1D9-49C3-910B-FCF2266265EF}.Debug|x64.ActiveCfg = Debug|x64
		{252126D1-E1D9-49C3-910B-FCF2266265EF}.Debug|x64.Build.0 = Debug|x64
		{252126D1-E1D9-49C3-910B-FCF2266265EF}.Debug|x86.ActiveCfg = Debug|x86
		{252126D1-E1D9-49C3-910B-FCF2266265EF}.Debug|x86.Build.0 = Debug|x86
		{252126D1-E1D9-49C3-910B-FCF2266265EF}.Release|Any CPU.ActiveCfg = Release|Any CPU
		{252126D1-E1D9-49C3-910B-FCF2266265EF}.Release|Any CPU.Build.0 = Release|Any CPU
		{252126D1-E1D9-49C3-910B-FCF2266265EF}.Release|x64.ActiveCfg = Release|x64
		{252126D1-E1D9-49C3-910B-FCF2266265EF}.Release|x64.Build.0 = Release|x64
		{252126D1-E1D9-49C3-910B-FCF2266265EF}.Release|x86.ActiveCfg = Release|x86
		{252126D1-E1D9-49C3-910B-FCF2266265EF}.Release|x86.Build.0 = Release|x86
		{E4AA9A89-EFA8-40A1-9FA7-5B4A03E473D4}.Debug|Any CPU.ActiveCfg = Debug|Any CPU
		{E4AA9A89-EFA8-40A1-9FA7-5B4A03E473D4}.Debug|Any CPU.Build.0 = Debug|Any CPU
		{E4AA9A89-EFA8-40A1-9FA7-5B4A03E473D4}.Debug|x64.ActiveCfg = Debug|x64
		{E4AA9A89-EFA8-40A1-9FA7-5B4A03E473D4}.Debug|x64.Build.0 = Debug|x64
		{E4AA9A89-EFA8-40A1-9FA7-5B4A03E473D4}.Debug|x86.ActiveCfg = Debug|x86
		{E4AA9A89-EFA8-40A1-9FA7-5B4A03E473D4}.Debug|x86.Build.0 = Debug|x86
		{E4AA9A89-EFA8-40A1-9FA7-5B4A03E473D4}.Release|Any CPU.ActiveCfg = Release|Any CPU
		{E4AA9A89-EFA8-40A1-9FA7-5B4A03E473D4}.Release|Any CPU.Build.0 = Release|Any CPU
		{E4AA9A89-EFA8-40A1-9FA7-5B4A03E473D4}.Release|x64.ActiveCfg = Release|x64
		{E4AA9A89-EFA8-40A1-9FA7-5B4A03E473D4}.Release|x64.Build.0 = Release|x64
		{E4AA9A89-EFA8-40A1-9FA7-5B4A03E473D4}.Release|x86.ActiveCfg = Release|x86
		{E4AA9A89-EFA8-40A1-9FA7-5B4A03E473D4}.Release|x86.Build.0 = Release|x86
		{C1D141F7-4962-45F3-9EDA-A7900DEED1C7}.Debug|Any CPU.ActiveCfg = Debug|Any CPU
		{C1D141F7-4962-45F3-9EDA-A7900DEED1C7}.Debug|Any CPU.Build.0 = Debug|Any CPU
		{C1D141F7-4962-45F3-9EDA-A7900DEED1C7}.Debug|x64.ActiveCfg = Debug|x64
		{C1D141F7-4962-45F3-9EDA-A7900DEED1C7}.Debug|x64.Build.0 = Debug|x64
		{C1D141F7-4962-45F3-9EDA-A7900DEED1C7}.Debug|x86.ActiveCfg = Debug|x86
		{C1D141F7-4962-45F3-9EDA-A7900DEED1C7}.Debug|x86.Build.0 = Debug|x86
		{C1D141F7-4962-45F3-9EDA-A7900DEED1C7}.Release|Any CPU.ActiveCfg = Release|Any CPU
		{C1D141F7-4962-45F3-9EDA-A7900DEED1C7}.Release|Any CPU.Build.0 = Release|Any CPU
		{C1D141F7-4962-45F3-9EDA-A7900DEED1C7}.Release|x64.ActiveCfg = Release|x64
		{C1D141F7-4962-45F3-9EDA-A7900DEED1C7}.Release|x64.Build.0 = Release|x64
		{C1D141F7-4962-45F3-9EDA-A7900DEED1C7}.Release|x86.ActiveCfg = Release|x86
		{C1D141F7-4962-45F3-9EDA-A7900DEED1C7}.Release|x86.Build.0 = Release|x86
		{35D0CA7F-FC07-4515-82F2-7DDC14B8437B}.Debug|Any CPU.ActiveCfg = Debug|Any CPU
		{35D0CA7F-FC07-4515-82F2-7DDC14B8437B}.Debug|Any CPU.Build.0 = Debug|Any CPU
		{35D0CA7F-FC07-4515-82F2-7DDC14B8437B}.Debug|x64.ActiveCfg = Debug|x64
		{35D0CA7F-FC07-4515-82F2-7DDC14B8437B}.Debug|x64.Build.0 = Debug|x64
		{35D0CA7F-FC07-4515-82F2-7DDC14B8437B}.Debug|x86.ActiveCfg = Debug|x86
		{35D0CA7F-FC07-4515-82F2-7DDC14B8437B}.Debug|x86.Build.0 = Debug|x86
		{35D0CA7F-FC07-4515-82F2-7DDC14B8437B}.Release|Any CPU.ActiveCfg = Release|Any CPU
		{35D0CA7F-FC07-4515-82F2-7DDC14B8437B}.Release|Any CPU.Build.0 = Release|Any CPU
		{35D0CA7F-FC07-4515-82F2-7DDC14B8437B}.Release|x64.ActiveCfg = Release|x64
		{35D0CA7F-FC07-4515-82F2-7DDC14B8437B}.Release|x64.Build.0 = Release|x64
		{35D0CA7F-FC07-4515-82F2-7DDC14B8437B}.Release|x86.ActiveCfg = Release|x86
		{35D0CA7F-FC07-4515-82F2-7DDC14B8437B}.Release|x86.Build.0 = Release|x86
		{4BB0C891-C854-4737-9079-9EE11C9D7376}.Debug|Any CPU.ActiveCfg = Debug|Any CPU
		{4BB0C891-C854-4737-9079-9EE11C9D7376}.Debug|Any CPU.Build.0 = Debug|Any CPU
		{4BB0C891-C854-4737-9079-9EE11C9D7376}.Debug|x64.ActiveCfg = Debug|x64
		{4BB0C891-C854-4737-9079-9EE11C9D7376}.Debug|x64.Build.0 = Debug|x64
		{4BB0C891-C854-4737-9079-9EE11C9D7376}.Debug|x86.ActiveCfg = Debug|x86
		{4BB0C891-C854-4737-9079-9EE11C9D7376}.Debug|x86.Build.0 = Debug|x86
		{4BB0C891-C854-4737-9079-9EE11C9D7376}.Release|Any CPU.ActiveCfg = Release|Any CPU
		{4BB0C891-C854-4737-9079-9EE11C9D7376}.Release|Any CPU.Build.0 = Release|Any CPU
		{4BB0C891-C854-4737-9079-9EE11C9D7376}.Release|x64.ActiveCfg = Release|x64
		{4BB0C891-C854-4737-9079-9EE11C9D7376}.Release|x64.Build.0 = Release|x64
		{4BB0C891-C854-4737-9079-9EE11C9D7376}.Release|x86.ActiveCfg = Release|x86
		{4BB0C891-C854-4737-9079-9EE11C9D7376}.Release|x86.Build.0 = Release|x86
		{84D31F14-D7A8-4C89-A9BB-22BC778929A2}.Debug|Any CPU.ActiveCfg = Debug|Any CPU
		{84D31F14-D7A8-4C89-A9BB-22BC778929A2}.Debug|Any CPU.Build.0 = Debug|Any CPU
		{84D31F14-D7A8-4C89-A9BB-22BC778929A2}.Debug|x64.ActiveCfg = Debug|x64
		{84D31F14-D7A8-4C89-A9BB-22BC778929A2}.Debug|x64.Build.0 = Debug|x64
		{84D31F14-D7A8-4C89-A9BB-22BC778929A2}.Debug|x86.ActiveCfg = Debug|x86
		{84D31F14-D7A8-4C89-A9BB-22BC778929A2}.Debug|x86.Build.0 = Debug|x86
		{84D31F14-D7A8-4C89-A9BB-22BC778929A2}.Release|Any CPU.ActiveCfg = Release|Any CPU
		{84D31F14-D7A8-4C89-A9BB-22BC778929A2}.Release|Any CPU.Build.0 = Release|Any CPU
		{84D31F14-D7A8-4C89-A9BB-22BC778929A2}.Release|x64.ActiveCfg = Release|x64
		{84D31F14-D7A8-4C89-A9BB-22BC778929A2}.Release|x64.Build.0 = Release|x64
		{84D31F14-D7A8-4C89-A9BB-22BC778929A2}.Release|x86.ActiveCfg = Release|x86
		{84D31F14-D7A8-4C89-A9BB-22BC778929A2}.Release|x86.Build.0 = Release|x86
		{DEC77495-6E48-4F66-B22B-E9BA2CA6E257}.Debug|Any CPU.ActiveCfg = Debug|Any CPU
		{DEC77495-6E48-4F66-B22B-E9BA2CA6E257}.Debug|Any CPU.Build.0 = Debug|Any CPU
		{DEC77495-6E48-4F66-B22B-E9BA2CA6E257}.Debug|x64.ActiveCfg = Debug|x64
		{DEC77495-6E48-4F66-B22B-E9BA2CA6E257}.Debug|x64.Build.0 = Debug|x64
		{DEC77495-6E48-4F66-B22B-E9BA2CA6E257}.Debug|x86.ActiveCfg = Debug|x86
		{DEC77495-6E48-4F66-B22B-E9BA2CA6E257}.Debug|x86.Build.0 = Debug|x86
		{DEC77495-6E48-4F66-B22B-E9BA2CA6E257}.Release|Any CPU.ActiveCfg = Release|Any CPU
		{DEC77495-6E48-4F66-B22B-E9BA2CA6E257}.Release|Any CPU.Build.0 = Release|Any CPU
		{DEC77495-6E48-4F66-B22B-E9BA2CA6E257}.Release|x64.ActiveCfg = Release|x64
		{DEC77495-6E48-4F66-B22B-E9BA2CA6E257}.Release|x64.Build.0 = Release|x64
		{DEC77495-6E48-4F66-B22B-E9BA2CA6E257}.Release|x86.ActiveCfg = Release|x86
		{DEC77495-6E48-4F66-B22B-E9BA2CA6E257}.Release|x86.Build.0 = Release|x86
	EndGlobalSection
	GlobalSection(SolutionProperties) = preSolution
		HideSolutionNode = FALSE
	EndGlobalSection
	GlobalSection(NestedProjects) = preSolution
		{F64A15CF-4ADB-47D8-ADAC-97B23979769A} = {82199202-F9BE-4B06-B5BB-5C0B9F63E287}
		{90E6E910-AB10-466E-AEF7-0AF2E0708D4E} = {82199202-F9BE-4B06-B5BB-5C0B9F63E287}
		{3505BA5A-C935-4D23-9493-C365A794966D} = {82199202-F9BE-4B06-B5BB-5C0B9F63E287}
		{65806243-CD15-4404-99F6-85BCD813939D} = {82199202-F9BE-4B06-B5BB-5C0B9F63E287}
		{7FC0F6D8-B317-4DE3-8475-145DE666CCAA} = {BC8E03FD-4CB3-4E8C-BF71-84A8E3A1259E}
		{168205B7-2BE7-4F3B-8CEA-A96835466429} = {2AB6EB56-84C4-4352-AC65-5AAFD71DC6AF}
		{2807B493-CC2E-402E-901A-EB138698FEDC} = {7FC0F6D8-B317-4DE3-8475-145DE666CCAA}
		{9B0BA841-5A2F-4ED3-A908-253DBCA70E77} = {7FC0F6D8-B317-4DE3-8475-145DE666CCAA}
		{252126D1-E1D9-49C3-910B-FCF2266265EF} = {BC8E03FD-4CB3-4E8C-BF71-84A8E3A1259E}
		{E4AA9A89-EFA8-40A1-9FA7-5B4A03E473D4} = {168205B7-2BE7-4F3B-8CEA-A96835466429}
		{C1D141F7-4962-45F3-9EDA-A7900DEED1C7} = {168205B7-2BE7-4F3B-8CEA-A96835466429}
		{35D0CA7F-FC07-4515-82F2-7DDC14B8437B} = {2AB6EB56-84C4-4352-AC65-5AAFD71DC6AF}
		{4BB0C891-C854-4737-9079-9EE11C9D7376} = {2AB6EB56-84C4-4352-AC65-5AAFD71DC6AF}
		{DEC77495-6E48-4F66-B22B-E9BA2CA6E257} = {82199202-F9BE-4B06-B5BB-5C0B9F63E287}
	EndGlobalSection
	GlobalSection(ExtensibilityGlobals) = postSolution
		SolutionGuid = {D4225006-D006-461D-B310-883B78A7BCEA}
	EndGlobalSection
EndGlobal
